// !$*UTF8*$!
{
	archiveVersion = 1;
	classes = {
	};
	objectVersion = 56;
	objects = {

/* Begin PBXBuildFile section */
		AD4AA3AB2B46D8E1005E3107 /* AppDelegate.swift in Sources */ = {isa = PBXBuildFile; fileRef = AD4AA3AA2B46D8E1005E3107 /* AppDelegate.swift */; };
		AD4AA3AD2B46D8E1005E3107 /* SceneDelegate.swift in Sources */ = {isa = PBXBuildFile; fileRef = AD4AA3AC2B46D8E1005E3107 /* SceneDelegate.swift */; };
		AD4AA3AF2B46D8E1005E3107 /* ViewController.swift in Sources */ = {isa = PBXBuildFile; fileRef = AD4AA3AE2B46D8E1005E3107 /* ViewController.swift */; };
		AD4AA3B22B46D8E1005E3107 /* Main.storyboard in Resources */ = {isa = PBXBuildFile; fileRef = AD4AA3B02B46D8E1005E3107 /* Main.storyboard */; };
		AD4AA3B42B46D8E3005E3107 /* Assets.xcassets in Resources */ = {isa = PBXBuildFile; fileRef = AD4AA3B32B46D8E3005E3107 /* Assets.xcassets */; };
		AD4AA3B72B46D8E3005E3107 /* LaunchScreen.storyboard in Resources */ = {isa = PBXBuildFile; fileRef = AD4AA3B52B46D8E3005E3107 /* LaunchScreen.storyboard */; };
		AD4AA3C22B46D8E3005E3107 /* StockTrackerTests.swift in Sources */ = {isa = PBXBuildFile; fileRef = AD4AA3C12B46D8E3005E3107 /* StockTrackerTests.swift */; };
		AD4AA3CC2B46D8E3005E3107 /* StockTrackerUITests.swift in Sources */ = {isa = PBXBuildFile; fileRef = AD4AA3CB2B46D8E3005E3107 /* StockTrackerUITests.swift */; };
		AD4AA3CE2B46D8E3005E3107 /* StockTrackerUITestsLaunchTests.swift in Sources */ = {isa = PBXBuildFile; fileRef = AD4AA3CD2B46D8E3005E3107 /* StockTrackerUITestsLaunchTests.swift */; };
/* End PBXBuildFile section */

/* Begin PBXContainerItemProxy section */
		AD4AA3BE2B46D8E3005E3107 /* PBXContainerItemProxy */ = {
			isa = PBXContainerItemProxy;
			containerPortal = AD4AA39F2B46D8E1005E3107 /* Project object */;
			proxyType = 1;
			remoteGlobalIDString = AD4AA3A62B46D8E1005E3107;
			remoteInfo = StockTracker;
		};
		AD4AA3C82B46D8E3005E3107 /* PBXContainerItemProxy */ = {
			isa = PBXContainerItemProxy;
			containerPortal = AD4AA39F2B46D8E1005E3107 /* Project object */;
			proxyType = 1;
			remoteGlobalIDString = AD4AA3A62B46D8E1005E3107;
			remoteInfo = StockTracker;
		};
/* End PBXContainerItemProxy section */

/* Begin PBXFileReference section */
		AD4AA3A72B46D8E1005E3107 /* StockTracker.app */ = {isa = PBXFileReference; explicitFileType = wrapper.application; includeInIndex = 0; path = StockTracker.app; sourceTree = BUILT_PRODUCTS_DIR; };
		AD4AA3AA2B46D8E1005E3107 /* AppDelegate.swift */ = {isa = PBXFileReference; lastKnownFileType = sourcecode.swift; path = AppDelegate.swift; sourceTree = "<group>"; };
		AD4AA3AC2B46D8E1005E3107 /* SceneDelegate.swift */ = {isa = PBXFileReference; lastKnownFileType = sourcecode.swift; path = SceneDelegate.swift; sourceTree = "<group>"; };
		AD4AA3AE2B46D8E1005E3107 /* ViewController.swift */ = {isa = PBXFileReference; lastKnownFileType = sourcecode.swift; path = ViewController.swift; sourceTree = "<group>"; };
		AD4AA3B12B46D8E1005E3107 /* Base */ = {isa = PBXFileReference; lastKnownFileType = file.storyboard; name = Base; path = Base.lproj/Main.storyboard; sourceTree = "<group>"; };
		AD4AA3B32B46D8E3005E3107 /* Assets.xcassets */ = {isa = PBXFileReference; lastKnownFileType = folder.assetcatalog; path = Assets.xcassets; sourceTree = "<group>"; };
		AD4AA3B62B46D8E3005E3107 /* Base */ = {isa = PBXFileReference; lastKnownFileType = file.storyboard; name = Base; path = Base.lproj/LaunchScreen.storyboard; sourceTree = "<group>"; };
		AD4AA3B82B46D8E3005E3107 /* Info.plist */ = {isa = PBXFileReference; lastKnownFileType = text.plist.xml; path = Info.plist; sourceTree = "<group>"; };
		AD4AA3BD2B46D8E3005E3107 /* StockTrackerTests.xctest */ = {isa = PBXFileReference; explicitFileType = wrapper.cfbundle; includeInIndex = 0; path = StockTrackerTests.xctest; sourceTree = BUILT_PRODUCTS_DIR; };
		AD4AA3C12B46D8E3005E3107 /* StockTrackerTests.swift */ = {isa = PBXFileReference; lastKnownFileType = sourcecode.swift; path = StockTrackerTests.swift; sourceTree = "<group>"; };
		AD4AA3C72B46D8E3005E3107 /* StockTrackerUITests.xctest */ = {isa = PBXFileReference; explicitFileType = wrapper.cfbundle; includeInIndex = 0; path = StockTrackerUITests.xctest; sourceTree = BUILT_PRODUCTS_DIR; };
		AD4AA3CB2B46D8E3005E3107 /* StockTrackerUITests.swift */ = {isa = PBXFileReference; lastKnownFileType = sourcecode.swift; path = StockTrackerUITests.swift; sourceTree = "<group>"; };
		AD4AA3CD2B46D8E3005E3107 /* StockTrackerUITestsLaunchTests.swift */ = {isa = PBXFileReference; lastKnownFileType = sourcecode.swift; path = StockTrackerUITestsLaunchTests.swift; sourceTree = "<group>"; };
/* End PBXFileReference section */

/* Begin PBXFrameworksBuildPhase section */
		AD4AA3A42B46D8E1005E3107 /* Frameworks */ = {
			isa = PBXFrameworksBuildPhase;
			buildActionMask = 2147483647;
			files = (
			);
			runOnlyForDeploymentPostprocessing = 0;
		};
		AD4AA3BA2B46D8E3005E3107 /* Frameworks */ = {
			isa = PBXFrameworksBuildPhase;
			buildActionMask = 2147483647;
			files = (
			);
			runOnlyForDeploymentPostprocessing = 0;
		};
		AD4AA3C42B46D8E3005E3107 /* Frameworks */ = {
			isa = PBXFrameworksBuildPhase;
			buildActionMask = 2147483647;
			files = (
			);
			runOnlyForDeploymentPostprocessing = 0;
		};
/* End PBXFrameworksBuildPhase section */

/* Begin PBXGroup section */
		AD4AA39E2B46D8E1005E3107 = {
			isa = PBXGroup;
			children = (
				AD4AA3A92B46D8E1005E3107 /* StockTracker */,
				AD4AA3C02B46D8E3005E3107 /* StockTrackerTests */,
				AD4AA3CA2B46D8E3005E3107 /* StockTrackerUITests */,
				AD4AA3A82B46D8E1005E3107 /* Products */,
			);
			sourceTree = "<group>";
		};
		AD4AA3A82B46D8E1005E3107 /* Products */ = {
			isa = PBXGroup;
			children = (
				AD4AA3A72B46D8E1005E3107 /* StockTracker.app */,
				AD4AA3BD2B46D8E3005E3107 /* StockTrackerTests.xctest */,
				AD4AA3C72B46D8E3005E3107 /* StockTrackerUITests.xctest */,
			);
			name = Products;
			sourceTree = "<group>";
		};
		AD4AA3A92B46D8E1005E3107 /* StockTracker */ = {
			isa = PBXGroup;
			children = (
				AD4AA3AA2B46D8E1005E3107 /* AppDelegate.swift */,
				AD4AA3AC2B46D8E1005E3107 /* SceneDelegate.swift */,
				AD4AA3AE2B46D8E1005E3107 /* ViewController.swift */,
				AD4AA3B02B46D8E1005E3107 /* Main.storyboard */,
				AD4AA3B32B46D8E3005E3107 /* Assets.xcassets */,
				AD4AA3B52B46D8E3005E3107 /* LaunchScreen.storyboard */,
				AD4AA3B82B46D8E3005E3107 /* Info.plist */,
			);
			path = StockTracker;
			sourceTree = "<group>";
		};
		AD4AA3C02B46D8E3005E3107 /* StockTrackerTests */ = {
			isa = PBXGroup;
			children = (
				AD4AA3C12B46D8E3005E3107 /* StockTrackerTests.swift */,
			);
			path = StockTrackerTests;
			sourceTree = "<group>";
		};
		AD4AA3CA2B46D8E3005E3107 /* StockTrackerUITests */ = {
			isa = PBXGroup;
			children = (
				AD4AA3CB2B46D8E3005E3107 /* StockTrackerUITests.swift */,
				AD4AA3CD2B46D8E3005E3107 /* StockTrackerUITestsLaunchTests.swift */,
			);
			path = StockTrackerUITests;
			sourceTree = "<group>";
		};
/* End PBXGroup section */

/* Begin PBXNativeTarget section */
		AD4AA3A62B46D8E1005E3107 /* StockTracker */ = {
			isa = PBXNativeTarget;
			buildConfigurationList = AD4AA3D12B46D8E3005E3107 /* Build configuration list for PBXNativeTarget "StockTracker" */;
			buildPhases = (
				AD4AA3A32B46D8E1005E3107 /* Sources */,
				AD4AA3A42B46D8E1005E3107 /* Frameworks */,
				AD4AA3A52B46D8E1005E3107 /* Resources */,
			);
			buildRules = (
			);
			dependencies = (
			);
			name = StockTracker;
			productName = StockTracker;
			productReference = AD4AA3A72B46D8E1005E3107 /* StockTracker.app */;
			productType = "com.apple.product-type.application";
		};
		AD4AA3BC2B46D8E3005E3107 /* StockTrackerTests */ = {
			isa = PBXNativeTarget;
			buildConfigurationList = AD4AA3D42B46D8E3005E3107 /* Build configuration list for PBXNativeTarget "StockTrackerTests" */;
			buildPhases = (
				AD4AA3B92B46D8E3005E3107 /* Sources */,
				AD4AA3BA2B46D8E3005E3107 /* Frameworks */,
				AD4AA3BB2B46D8E3005E3107 /* Resources */,
			);
			buildRules = (
			);
			dependencies = (
				AD4AA3BF2B46D8E3005E3107 /* PBXTargetDependency */,
			);
			name = StockTrackerTests;
			productName = StockTrackerTests;
			productReference = AD4AA3BD2B46D8E3005E3107 /* StockTrackerTests.xctest */;
			productType = "com.apple.product-type.bundle.unit-test";
		};
		AD4AA3C62B46D8E3005E3107 /* StockTrackerUITests */ = {
			isa = PBXNativeTarget;
			buildConfigurationList = AD4AA3D72B46D8E3005E3107 /* Build configuration list for PBXNativeTarget "StockTrackerUITests" */;
			buildPhases = (
				AD4AA3C32B46D8E3005E3107 /* Sources */,
				AD4AA3C42B46D8E3005E3107 /* Frameworks */,
				AD4AA3C52B46D8E3005E3107 /* Resources */,
			);
			buildRules = (
			);
			dependencies = (
				AD4AA3C92B46D8E3005E3107 /* PBXTargetDependency */,
			);
			name = StockTrackerUITests;
			productName = StockTrackerUITests;
			productReference = AD4AA3C72B46D8E3005E3107 /* StockTrackerUITests.xctest */;
			productType = "com.apple.product-type.bundle.ui-testing";
		};
/* End PBXNativeTarget section */

/* Begin PBXProject section */
		AD4AA39F2B46D8E1005E3107 /* Project object */ = {
			isa = PBXProject;
			attributes = {
				BuildIndependentTargetsInParallel = 1;
				LastSwiftUpdateCheck = 1500;
				LastUpgradeCheck = 1500;
				TargetAttributes = {
					AD4AA3A62B46D8E1005E3107 = {
						CreatedOnToolsVersion = 15.0.1;
					};
					AD4AA3BC2B46D8E3005E3107 = {
						CreatedOnToolsVersion = 15.0.1;
						TestTargetID = AD4AA3A62B46D8E1005E3107;
					};
					AD4AA3C62B46D8E3005E3107 = {
						CreatedOnToolsVersion = 15.0.1;
						TestTargetID = AD4AA3A62B46D8E1005E3107;
					};
				};
			};
			buildConfigurationList = AD4AA3A22B46D8E1005E3107 /* Build configuration list for PBXProject "StockTracker" */;
			compatibilityVersion = "Xcode 14.0";
			developmentRegion = en;
			hasScannedForEncodings = 0;
			knownRegions = (
				en,
				Base,
			);
			mainGroup = AD4AA39E2B46D8E1005E3107;
			productRefGroup = AD4AA3A82B46D8E1005E3107 /* Products */;
			projectDirPath = "";
			projectRoot = "";
			targets = (
				AD4AA3A62B46D8E1005E3107 /* StockTracker */,
				AD4AA3BC2B46D8E3005E3107 /* StockTrackerTests */,
				AD4AA3C62B46D8E3005E3107 /* StockTrackerUITests */,
			);
		};
/* End PBXProject section */

/* Begin PBXResourcesBuildPhase section */
		AD4AA3A52B46D8E1005E3107 /* Resources */ = {
			isa = PBXResourcesBuildPhase;
			buildActionMask = 2147483647;
			files = (
				AD4AA3B72B46D8E3005E3107 /* LaunchScreen.storyboard in Resources */,
				AD4AA3B42B46D8E3005E3107 /* Assets.xcassets in Resources */,
				AD4AA3B22B46D8E1005E3107 /* Main.storyboard in Resources */,
			);
			runOnlyForDeploymentPostprocessing = 0;
		};
		AD4AA3BB2B46D8E3005E3107 /* Resources */ = {
			isa = PBXResourcesBuildPhase;
			buildActionMask = 2147483647;
			files = (
			);
			runOnlyForDeploymentPostprocessing = 0;
		};
		AD4AA3C52B46D8E3005E3107 /* Resources */ = {
			isa = PBXResourcesBuildPhase;
			buildActionMask = 2147483647;
			files = (
			);
			runOnlyForDeploymentPostprocessing = 0;
		};
/* End PBXResourcesBuildPhase section */

/* Begin PBXSourcesBuildPhase section */
		AD4AA3A32B46D8E1005E3107 /* Sources */ = {
			isa = PBXSourcesBuildPhase;
			buildActionMask = 2147483647;
			files = (
				AD4AA3AF2B46D8E1005E3107 /* ViewController.swift in Sources */,
				AD4AA3AB2B46D8E1005E3107 /* AppDelegate.swift in Sources */,
				AD4AA3AD2B46D8E1005E3107 /* SceneDelegate.swift in Sources */,
			);
			runOnlyForDeploymentPostprocessing = 0;
		};
		AD4AA3B92B46D8E3005E3107 /* Sources */ = {
			isa = PBXSourcesBuildPhase;
			buildActionMask = 2147483647;
			files = (
				AD4AA3C22B46D8E3005E3107 /* StockTrackerTests.swift in Sources */,
			);
			runOnlyForDeploymentPostprocessing = 0;
		};
		AD4AA3C32B46D8E3005E3107 /* Sources */ = {
			isa = PBXSourcesBuildPhase;
			buildActionMask = 2147483647;
			files = (
				AD4AA3CE2B46D8E3005E3107 /* StockTrackerUITestsLaunchTests.swift in Sources */,
				AD4AA3CC2B46D8E3005E3107 /* StockTrackerUITests.swift in Sources */,
			);
			runOnlyForDeploymentPostprocessing = 0;
		};
/* End PBXSourcesBuildPhase section */

/* Begin PBXTargetDependency section */
		AD4AA3BF2B46D8E3005E3107 /* PBXTargetDependency */ = {
			isa = PBXTargetDependency;
			target = AD4AA3A62B46D8E1005E3107 /* StockTracker */;
			targetProxy = AD4AA3BE2B46D8E3005E3107 /* PBXContainerItemProxy */;
		};
		AD4AA3C92B46D8E3005E3107 /* PBXTargetDependency */ = {
			isa = PBXTargetDependency;
			target = AD4AA3A62B46D8E1005E3107 /* StockTracker */;
			targetProxy = AD4AA3C82B46D8E3005E3107 /* PBXContainerItemProxy */;
		};
/* End PBXTargetDependency section */

/* Begin PBXVariantGroup section */
		AD4AA3B02B46D8E1005E3107 /* Main.storyboard */ = {
			isa = PBXVariantGroup;
			children = (
				AD4AA3B12B46D8E1005E3107 /* Base */,
			);
			name = Main.storyboard;
			sourceTree = "<group>";
		};
		AD4AA3B52B46D8E3005E3107 /* LaunchScreen.storyboard */ = {
			isa = PBXVariantGroup;
			children = (
				AD4AA3B62B46D8E3005E3107 /* Base */,
			);
			name = LaunchScreen.storyboard;
			sourceTree = "<group>";
		};
/* End PBXVariantGroup section */

/* Begin XCBuildConfiguration section */
		AD4AA3CF2B46D8E3005E3107 /* Debug */ = {
			isa = XCBuildConfiguration;
			buildSettings = {
				ALWAYS_SEARCH_USER_PATHS = NO;
				ASSETCATALOG_COMPILER_GENERATE_SWIFT_ASSET_SYMBOL_EXTENSIONS = YES;
				CLANG_ANALYZER_NONNULL = YES;
				CLANG_ANALYZER_NUMBER_OBJECT_CONVERSION = YES_AGGRESSIVE;
				CLANG_CXX_LANGUAGE_STANDARD = "gnu++20";
				CLANG_ENABLE_MODULES = YES;
				CLANG_ENABLE_OBJC_ARC = YES;
				CLANG_ENABLE_OBJC_WEAK = YES;
				CLANG_WARN_BLOCK_CAPTURE_AUTORELEASING = YES;
				CLANG_WARN_BOOL_CONVERSION = YES;
				CLANG_WARN_COMMA = YES;
				CLANG_WARN_CONSTANT_CONVERSION = YES;
				CLANG_WARN_DEPRECATED_OBJC_IMPLEMENTATIONS = YES;
				CLANG_WARN_DIRECT_OBJC_ISA_USAGE = YES_ERROR;
				CLANG_WARN_DOCUMENTATION_COMMENTS = YES;
				CLANG_WARN_EMPTY_BODY = YES;
				CLANG_WARN_ENUM_CONVERSION = YES;
				CLANG_WARN_INFINITE_RECURSION = YES;
				CLANG_WARN_INT_CONVERSION = YES;
				CLANG_WARN_NON_LITERAL_NULL_CONVERSION = YES;
				CLANG_WARN_OBJC_IMPLICIT_RETAIN_SELF = YES;
				CLANG_WARN_OBJC_LITERAL_CONVERSION = YES;
				CLANG_WARN_OBJC_ROOT_CLASS = YES_ERROR;
				CLANG_WARN_QUOTED_INCLUDE_IN_FRAMEWORK_HEADER = YES;
				CLANG_WARN_RANGE_LOOP_ANALYSIS = YES;
				CLANG_WARN_STRICT_PROTOTYPES = YES;
				CLANG_WARN_SUSPICIOUS_MOVE = YES;
				CLANG_WARN_UNGUARDED_AVAILABILITY = YES_AGGRESSIVE;
				CLANG_WARN_UNREACHABLE_CODE = YES;
				CLANG_WARN__DUPLICATE_METHOD_MATCH = YES;
				COPY_PHASE_STRIP = NO;
				DEBUG_INFORMATION_FORMAT = dwarf;
				ENABLE_STRICT_OBJC_MSGSEND = YES;
				ENABLE_TESTABILITY = YES;
				ENABLE_USER_SCRIPT_SANDBOXING = YES;
				GCC_C_LANGUAGE_STANDARD = gnu17;
				GCC_DYNAMIC_NO_PIC = NO;
				GCC_NO_COMMON_BLOCKS = YES;
				GCC_OPTIMIZATION_LEVEL = 0;
				GCC_PREPROCESSOR_DEFINITIONS = (
					"DEBUG=1",
					"$(inherited)",
				);
				GCC_WARN_64_TO_32_BIT_CONVERSION = YES;
				GCC_WARN_ABOUT_RETURN_TYPE = YES_ERROR;
				GCC_WARN_UNDECLARED_SELECTOR = YES;
				GCC_WARN_UNINITIALIZED_AUTOS = YES_AGGRESSIVE;
				GCC_WARN_UNUSED_FUNCTION = YES;
				GCC_WARN_UNUSED_VARIABLE = YES;
				IPHONEOS_DEPLOYMENT_TARGET = 17.0;
				LOCALIZATION_PREFERS_STRING_CATALOGS = YES;
				MTL_ENABLE_DEBUG_INFO = INCLUDE_SOURCE;
				MTL_FAST_MATH = YES;
				ONLY_ACTIVE_ARCH = YES;
				SDKROOT = iphoneos;
				SWIFT_ACTIVE_COMPILATION_CONDITIONS = "DEBUG $(inherited)";
				SWIFT_OPTIMIZATION_LEVEL = "-Onone";
			};
			name = Debug;
		};
		AD4AA3D02B46D8E3005E3107 /* Release */ = {
			isa = XCBuildConfiguration;
			buildSettings = {
				ALWAYS_SEARCH_USER_PATHS = NO;
				ASSETCATALOG_COMPILER_GENERATE_SWIFT_ASSET_SYMBOL_EXTENSIONS = YES;
				CLANG_ANALYZER_NONNULL = YES;
				CLANG_ANALYZER_NUMBER_OBJECT_CONVERSION = YES_AGGRESSIVE;
				CLANG_CXX_LANGUAGE_STANDARD = "gnu++20";
				CLANG_ENABLE_MODULES = YES;
				CLANG_ENABLE_OBJC_ARC = YES;
				CLANG_ENABLE_OBJC_WEAK = YES;
				CLANG_WARN_BLOCK_CAPTURE_AUTORELEASING = YES;
				CLANG_WARN_BOOL_CONVERSION = YES;
				CLANG_WARN_COMMA = YES;
				CLANG_WARN_CONSTANT_CONVERSION = YES;
				CLANG_WARN_DEPRECATED_OBJC_IMPLEMENTATIONS = YES;
				CLANG_WARN_DIRECT_OBJC_ISA_USAGE = YES_ERROR;
				CLANG_WARN_DOCUMENTATION_COMMENTS = YES;
				CLANG_WARN_EMPTY_BODY = YES;
				CLANG_WARN_ENUM_CONVERSION = YES;
				CLANG_WARN_INFINITE_RECURSION = YES;
				CLANG_WARN_INT_CONVERSION = YES;
				CLANG_WARN_NON_LITERAL_NULL_CONVERSION = YES;
				CLANG_WARN_OBJC_IMPLICIT_RETAIN_SELF = YES;
				CLANG_WARN_OBJC_LITERAL_CONVERSION = YES;
				CLANG_WARN_OBJC_ROOT_CLASS = YES_ERROR;
				CLANG_WARN_QUOTED_INCLUDE_IN_FRAMEWORK_HEADER = YES;
				CLANG_WARN_RANGE_LOOP_ANALYSIS = YES;
				CLANG_WARN_STRICT_PROTOTYPES = YES;
				CLANG_WARN_SUSPICIOUS_MOVE = YES;
				CLANG_WARN_UNGUARDED_AVAILABILITY = YES_AGGRESSIVE;
				CLANG_WARN_UNREACHABLE_CODE = YES;
				CLANG_WARN__DUPLICATE_METHOD_MATCH = YES;
				COPY_PHASE_STRIP = NO;
				DEBUG_INFORMATION_FORMAT = "dwarf-with-dsym";
				ENABLE_NS_ASSERTIONS = NO;
				ENABLE_STRICT_OBJC_MSGSEND = YES;
				ENABLE_USER_SCRIPT_SANDBOXING = YES;
				GCC_C_LANGUAGE_STANDARD = gnu17;
				GCC_NO_COMMON_BLOCKS = YES;
				GCC_WARN_64_TO_32_BIT_CONVERSION = YES;
				GCC_WARN_ABOUT_RETURN_TYPE = YES_ERROR;
				GCC_WARN_UNDECLARED_SELECTOR = YES;
				GCC_WARN_UNINITIALIZED_AUTOS = YES_AGGRESSIVE;
				GCC_WARN_UNUSED_FUNCTION = YES;
				GCC_WARN_UNUSED_VARIABLE = YES;
				IPHONEOS_DEPLOYMENT_TARGET = 17.0;
				LOCALIZATION_PREFERS_STRING_CATALOGS = YES;
				MTL_ENABLE_DEBUG_INFO = NO;
				MTL_FAST_MATH = YES;
				SDKROOT = iphoneos;
				SWIFT_COMPILATION_MODE = wholemodule;
				VALIDATE_PRODUCT = YES;
			};
			name = Release;
		};
		AD4AA3D22B46D8E3005E3107 /* Debug */ = {
			isa = XCBuildConfiguration;
			buildSettings = {
				ASSETCATALOG_COMPILER_APPICON_NAME = AppIcon;
				ASSETCATALOG_COMPILER_GLOBAL_ACCENT_COLOR_NAME = AccentColor;
				CODE_SIGN_STYLE = Automatic;
				CURRENT_PROJECT_VERSION = 1;
				DEVELOPMENT_TEAM = 5AUYB3KVDZ;
				GENERATE_INFOPLIST_FILE = YES;
				INFOPLIST_FILE = StockTracker/Info.plist;
				INFOPLIST_KEY_UIApplicationSupportsIndirectInputEvents = YES;
				INFOPLIST_KEY_UILaunchStoryboardName = LaunchScreen;
				INFOPLIST_KEY_UIMainStoryboardFile = Main;
				INFOPLIST_KEY_UISupportedInterfaceOrientations_iPad = "UIInterfaceOrientationPortrait UIInterfaceOrientationPortraitUpsideDown UIInterfaceOrientationLandscapeLeft UIInterfaceOrientationLandscapeRight";
				INFOPLIST_KEY_UISupportedInterfaceOrientations_iPhone = "UIInterfaceOrientationPortrait UIInterfaceOrientationLandscapeLeft UIInterfaceOrientationLandscapeRight";
				LD_RUNPATH_SEARCH_PATHS = (
					"$(inherited)",
					"@executable_path/Frameworks",
				);
				MARKETING_VERSION = 1.0;
				PRODUCT_BUNDLE_IDENTIFIER = SwiftUISample.StockTracker;
				PRODUCT_NAME = "$(TARGET_NAME)";
				SWIFT_EMIT_LOC_STRINGS = YES;
				SWIFT_VERSION = 5.0;
				TARGETED_DEVICE_FAMILY = "1,2";
			};
			name = Debug;
		};
		AD4AA3D32B46D8E3005E3107 /* Release */ = {
			isa = XCBuildConfiguration;
			buildSettings = {
				ASSETCATALOG_COMPILER_APPICON_NAME = AppIcon;
				ASSETCATALOG_COMPILER_GLOBAL_ACCENT_COLOR_NAME = AccentColor;
				CODE_SIGN_STYLE = Automatic;
				CURRENT_PROJECT_VERSION = 1;
				DEVELOPMENT_TEAM = 5AUYB3KVDZ;
				GENERATE_INFOPLIST_FILE = YES;
				INFOPLIST_FILE = StockTracker/Info.plist;
				INFOPLIST_KEY_UIApplicationSupportsIndirectInputEvents = YES;
				INFOPLIST_KEY_UILaunchStoryboardName = LaunchScreen;
				INFOPLIST_KEY_UIMainStoryboardFile = Main;
				INFOPLIST_KEY_UISupportedInterfaceOrientations_iPad = "UIInterfaceOrientationPortrait UIInterfaceOrientationPortraitUpsideDown UIInterfaceOrientationLandscapeLeft UIInterfaceOrientationLandscapeRight";
				INFOPLIST_KEY_UISupportedInterfaceOrientations_iPhone = "UIInterfaceOrientationPortrait UIInterfaceOrientationLandscapeLeft UIInterfaceOrientationLandscapeRight";
				LD_RUNPATH_SEARCH_PATHS = (
					"$(inherited)",
					"@executable_path/Frameworks",
				);
				MARKETING_VERSION = 1.0;
				PRODUCT_BUNDLE_IDENTIFIER = SwiftUISample.StockTracker;
				PRODUCT_NAME = "$(TARGET_NAME)";
				SWIFT_EMIT_LOC_STRINGS = YES;
				SWIFT_VERSION = 5.0;
				TARGETED_DEVICE_FAMILY = "1,2";
			};
			name = Release;
		};
		AD4AA3D52B46D8E3005E3107 /* Debug */ = {
			isa = XCBuildConfiguration;
			buildSettings = {
				ALWAYS_EMBED_SWIFT_STANDARD_LIBRARIES = YES;
				BUNDLE_LOADER = "$(TEST_HOST)";
				CODE_SIGN_STYLE = Automatic;
				CURRENT_PROJECT_VERSION = 1;
				DEVELOPMENT_TEAM = 5AUYB3KVDZ;
				GENERATE_INFOPLIST_FILE = YES;
				IPHONEOS_DEPLOYMENT_TARGET = 17.0;
				MARKETING_VERSION = 1.0;
				PRODUCT_BUNDLE_IDENTIFIER = SwiftUISample.StockTrackerTests;
				PRODUCT_NAME = "$(TARGET_NAME)";
				SWIFT_EMIT_LOC_STRINGS = NO;
				SWIFT_VERSION = 5.0;
				TARGETED_DEVICE_FAMILY = "1,2";
				TEST_HOST = "$(BUILT_PRODUCTS_DIR)/StockTracker.app/$(BUNDLE_EXECUTABLE_FOLDER_PATH)/StockTracker";
			};
			name = Debug;
		};
		AD4AA3D62B46D8E3005E3107 /* Release */ = {
			isa = XCBuildConfiguration;
			buildSettings = {
				ALWAYS_EMBED_SWIFT_STANDARD_LIBRARIES = YES;
				BUNDLE_LOADER = "$(TEST_HOST)";
				CODE_SIGN_STYLE = Automatic;
				CURRENT_PROJECT_VERSION = 1;
				DEVELOPMENT_TEAM = 5AUYB3KVDZ;
				GENERATE_INFOPLIST_FILE = YES;
				IPHONEOS_DEPLOYMENT_TARGET = 17.0;
				MARKETING_VERSION = 1.0;
				PRODUCT_BUNDLE_IDENTIFIER = SwiftUISample.StockTrackerTests;
				PRODUCT_NAME = "$(TARGET_NAME)";
				SWIFT_EMIT_LOC_STRINGS = NO;
				SWIFT_VERSION = 5.0;
				TARGETED_DEVICE_FAMILY = "1,2";
				TEST_HOST = "$(BUILT_PRODUCTS_DIR)/StockTracker.app/$(BUNDLE_EXECUTABLE_FOLDER_PATH)/StockTracker";
			};
			name = Release;
		};
		AD4AA3D82B46D8E3005E3107 /* Debug */ = {
			isa = XCBuildConfiguration;
			buildSettings = {
				ALWAYS_EMBED_SWIFT_STANDARD_LIBRARIES = YES;
				CODE_SIGN_STYLE = Automatic;
				CURRENT_PROJECT_VERSION = 1;
				DEVELOPMENT_TEAM = 5AUYB3KVDZ;
				GENERATE_INFOPLIST_FILE = YES;
				MARKETING_VERSION = 1.0;
				PRODUCT_BUNDLE_IDENTIFIER = SwiftUISample.StockTrackerUITests;
				PRODUCT_NAME = "$(TARGET_NAME)";
				SWIFT_EMIT_LOC_STRINGS = NO;
				SWIFT_VERSION = 5.0;
				TARGETED_DEVICE_FAMILY = "1,2";
				TEST_TARGET_NAME = StockTracker;
			};
			name = Debug;
		};
		AD4AA3D92B46D8E3005E3107 /* Release */ = {
			isa = XCBuildConfiguration;
			buildSettings = {
				ALWAYS_EMBED_SWIFT_STANDARD_LIBRARIES = YES;
				CODE_SIGN_STYLE = Automatic;
				CURRENT_PROJECT_VERSION = 1;
				DEVELOPMENT_TEAM = 5AUYB3KVDZ;
				GENERATE_INFOPLIST_FILE = YES;
				MARKETING_VERSION = 1.0;
				PRODUCT_BUNDLE_IDENTIFIER = SwiftUISample.StockTrackerUITests;
				PRODUCT_NAME = "$(TARGET_NAME)";
				SWIFT_EMIT_LOC_STRINGS = NO;
				SWIFT_VERSION = 5.0;
				TARGETED_DEVICE_FAMILY = "1,2";
				TEST_TARGET_NAME = StockTracker;
			};
			name = Release;
		};
/* End XCBuildConfiguration section */

/* Begin XCConfigurationList section */
		AD4AA3A22B46D8E1005E3107 /* Build configuration list for PBXProject "StockTracker" */ = {
			isa = XCConfigurationList;
			buildConfigurations = (
				AD4AA3CF2B46D8E3005E3107 /* Debug */,
				AD4AA3D02B46D8E3005E3107 /* Release */,
			);
			defaultConfigurationIsVisible = 0;
			defaultConfigurationName = Release;
		};
		AD4AA3D12B46D8E3005E3107 /* Build configuration list for PBXNativeTarget "StockTracker" */ = {
			isa = XCConfigurationList;
			buildConfigurations = (
				AD4AA3D22B46D8E3005E3107 /* Debug */,
				AD4AA3D32B46D8E3005E3107 /* Release */,
			);
			defaultConfigurationIsVisible = 0;
			defaultConfigurationName = Release;
		};
		AD4AA3D42B46D8E3005E3107 /* Build configuration list for PBXNativeTarget "StockTrackerTests" */ = {
			isa = XCConfigurationList;
			buildConfigurations = (
				AD4AA3D52B46D8E3005E3107 /* Debug */,
				AD4AA3D62B46D8E3005E3107 /* Release */,
			);
			defaultConfigurationIsVisible = 0;
			defaultConfigurationName = Release;
		};
		AD4AA3D72B46D8E3005E3107 /* Build configuration list for PBXNativeTarget "StockTrackerUITests" */ = {
			isa = XCConfigurationList;
			buildConfigurations = (
				AD4AA3D82B46D8E3005E3107 /* Debug */,
				AD4AA3D92B46D8E3005E3107 /* Release */,
			);
			defaultConfigurationIsVisible = 0;
			defaultConfigurationName = Release;
		};
/* End XCConfigurationList section */
	};
	rootObject = AD4AA39F2B46D8E1005E3107 /* Project object */;
}
