// !$*UTF8*$!
{
	archiveVersion = 1;
	classes = {
	};
	objectVersion = 56;
	objects = {

/* Begin PBXBuildFile section */
		AD1A62652B565C3F00CBA29E /* StockDetailSectionModel.swift in Sources */ = {isa = PBXBuildFile; fileRef = AD1A62642B565C3F00CBA29E /* StockDetailSectionModel.swift */; };
		AD1A62672B56688F00CBA29E /* ReadMoreAttribute.swift in Sources */ = {isa = PBXBuildFile; fileRef = AD1A62662B56688F00CBA29E /* ReadMoreAttribute.swift */; };
		AD1A62692B5668A500CBA29E /* StockDetailItemViewModel.swift in Sources */ = {isa = PBXBuildFile; fileRef = AD1A62682B5668A500CBA29E /* StockDetailItemViewModel.swift */; };
		AD1A626B2B5668CD00CBA29E /* String+Extensions.swift in Sources */ = {isa = PBXBuildFile; fileRef = AD1A626A2B5668CD00CBA29E /* String+Extensions.swift */; };
		AD1A626E2B5683E600CBA29E /* DTOModelTests.swift in Sources */ = {isa = PBXBuildFile; fileRef = AD1A626D2B5683E600CBA29E /* DTOModelTests.swift */; };
		AD1A62702B56849B00CBA29E /* AppFont.swift in Sources */ = {isa = PBXBuildFile; fileRef = AD1A626F2B56849B00CBA29E /* AppFont.swift */; };
		AD2045CC2B51649F0009AD7E /* Roboto-Regular.ttf in Resources */ = {isa = PBXBuildFile; fileRef = AD2045C92B51649F0009AD7E /* Roboto-Regular.ttf */; };
		AD2045CD2B51649F0009AD7E /* Roboto-Regular.ttf in Resources */ = {isa = PBXBuildFile; fileRef = AD2045C92B51649F0009AD7E /* Roboto-Regular.ttf */; };
		AD2045CE2B51649F0009AD7E /* Roboto-Light.ttf in Resources */ = {isa = PBXBuildFile; fileRef = AD2045CA2B51649F0009AD7E /* Roboto-Light.ttf */; };
		AD2045CF2B51649F0009AD7E /* Roboto-Light.ttf in Resources */ = {isa = PBXBuildFile; fileRef = AD2045CA2B51649F0009AD7E /* Roboto-Light.ttf */; };
		AD2045D02B51649F0009AD7E /* Roboto-Medium.ttf in Resources */ = {isa = PBXBuildFile; fileRef = AD2045CB2B51649F0009AD7E /* Roboto-Medium.ttf */; };
		AD2045D12B51649F0009AD7E /* Roboto-Medium.ttf in Resources */ = {isa = PBXBuildFile; fileRef = AD2045CB2B51649F0009AD7E /* Roboto-Medium.ttf */; };
		AD2045D32B5168D50009AD7E /* Roboto-Bold.ttf in Resources */ = {isa = PBXBuildFile; fileRef = AD2045D22B5168D50009AD7E /* Roboto-Bold.ttf */; };
		AD2045D42B5168D50009AD7E /* Roboto-Bold.ttf in Resources */ = {isa = PBXBuildFile; fileRef = AD2045D22B5168D50009AD7E /* Roboto-Bold.ttf */; };
		AD2045D62B5168EC0009AD7E /* Roboto-Black.ttf in Resources */ = {isa = PBXBuildFile; fileRef = AD2045D52B5168EC0009AD7E /* Roboto-Black.ttf */; };
		AD2045D72B5168EC0009AD7E /* Roboto-Black.ttf in Resources */ = {isa = PBXBuildFile; fileRef = AD2045D52B5168EC0009AD7E /* Roboto-Black.ttf */; };
		AD2649342B55346E00EEF701 /* StockListView.swift in Sources */ = {isa = PBXBuildFile; fileRef = AD2649332B55346E00EEF701 /* StockListView.swift */; };
		AD2649362B55645B00EEF701 /* StockDetailView.swift in Sources */ = {isa = PBXBuildFile; fileRef = AD2649352B55645B00EEF701 /* StockDetailView.swift */; };
		AD2649382B5569E700EEF701 /* StockListItem.swift in Sources */ = {isa = PBXBuildFile; fileRef = AD2649372B5569E700EEF701 /* StockListItem.swift */; };
		AD26493C2B556D2300EEF701 /* StockLogoItem.swift in Sources */ = {isa = PBXBuildFile; fileRef = AD26493B2B556D2300EEF701 /* StockLogoItem.swift */; };
		AD26493E2B556EBC00EEF701 /* StockDetailItem.swift in Sources */ = {isa = PBXBuildFile; fileRef = AD26493D2B556EBC00EEF701 /* StockDetailItem.swift */; };
		AD2649402B5595D700EEF701 /* StockDetailReadMoreItem.swift in Sources */ = {isa = PBXBuildFile; fileRef = AD26493F2B5595D700EEF701 /* StockDetailReadMoreItem.swift */; };
		AD4AA3AB2B46D8E1005E3107 /* AppDelegate.swift in Sources */ = {isa = PBXBuildFile; fileRef = AD4AA3AA2B46D8E1005E3107 /* AppDelegate.swift */; };
		AD4AA3AD2B46D8E1005E3107 /* SceneDelegate.swift in Sources */ = {isa = PBXBuildFile; fileRef = AD4AA3AC2B46D8E1005E3107 /* SceneDelegate.swift */; };
		AD4AA3B42B46D8E3005E3107 /* Assets.xcassets in Resources */ = {isa = PBXBuildFile; fileRef = AD4AA3B32B46D8E3005E3107 /* Assets.xcassets */; };
		AD4AA3B72B46D8E3005E3107 /* LaunchScreen.storyboard in Resources */ = {isa = PBXBuildFile; fileRef = AD4AA3B52B46D8E3005E3107 /* LaunchScreen.storyboard */; };
		AD4AA3CC2B46D8E3005E3107 /* StockTrackerUITests.swift in Sources */ = {isa = PBXBuildFile; fileRef = AD4AA3CB2B46D8E3005E3107 /* StockTrackerUITests.swift */; };
		AD4AA3CE2B46D8E3005E3107 /* StockTrackerUITestsLaunchTests.swift in Sources */ = {isa = PBXBuildFile; fileRef = AD4AA3CD2B46D8E3005E3107 /* StockTrackerUITestsLaunchTests.swift */; };
		AD50030D2B5FEB85005F60D2 /* TextView.swift in Sources */ = {isa = PBXBuildFile; fileRef = AD50030C2B5FEB85005F60D2 /* TextView.swift */; };
		AD5ED5D82B62889500D00507 /* financialmodelingprep.cer in Resources */ = {isa = PBXBuildFile; fileRef = AD5ED5D72B62889500D00507 /* financialmodelingprep.cer */; };
		AD5ED5DA2B62896A00D00507 /* DefaultNetworkSessionManager.swift in Sources */ = {isa = PBXBuildFile; fileRef = AD5ED5D92B62896A00D00507 /* DefaultNetworkSessionManager.swift */; };
		AD5ED5DD2B628CCD00D00507 /* URLSessionPinningDelegate.swift in Sources */ = {isa = PBXBuildFile; fileRef = AD5ED5DC2B628CCD00D00507 /* URLSessionPinningDelegate.swift */; };
		AD5ED5DF2B62AEB900D00507 /* Constants.swift in Sources */ = {isa = PBXBuildFile; fileRef = AD5ED5DE2B62AEB900D00507 /* Constants.swift */; };
		AD5ED5E12B63A1F100D00507 /* ImageView.swift in Sources */ = {isa = PBXBuildFile; fileRef = AD5ED5E02B63A1F100D00507 /* ImageView.swift */; };
		AD6A01092B4FEA9B008BD703 /* ImageDownloadUseCase.swift in Sources */ = {isa = PBXBuildFile; fileRef = AD6A01082B4FEA9B008BD703 /* ImageDownloadUseCase.swift */; };
		AD6A010C2B4FFC3C008BD703 /* ImageResponseStorage.swift in Sources */ = {isa = PBXBuildFile; fileRef = AD6A010B2B4FFC3C008BD703 /* ImageResponseStorage.swift */; };
		AD6A010E2B4FFC81008BD703 /* DefaultImageResponseStorage.swift in Sources */ = {isa = PBXBuildFile; fileRef = AD6A010D2B4FFC81008BD703 /* DefaultImageResponseStorage.swift */; };
		AD6A01272B5036D4008BD703 /* StockUseCaseTests.swift in Sources */ = {isa = PBXBuildFile; fileRef = AD6A01262B5036D4008BD703 /* StockUseCaseTests.swift */; };
		AD6A013D2B5044A2008BD703 /* Stock+Stub.swift in Sources */ = {isa = PBXBuildFile; fileRef = AD6A013C2B5044A2008BD703 /* Stock+Stub.swift */; };
		AD6A01402B5109C6008BD703 /* NetworkServiceTests.swift in Sources */ = {isa = PBXBuildFile; fileRef = AD6A013F2B5109C6008BD703 /* NetworkServiceTests.swift */; };
		AD6A01432B510AE6008BD703 /* NetworkConfigurableMock.swift in Sources */ = {isa = PBXBuildFile; fileRef = AD6A01422B510AE6008BD703 /* NetworkConfigurableMock.swift */; };
		AD6A01452B510B47008BD703 /* NetworkSessionManagerMock.swift in Sources */ = {isa = PBXBuildFile; fileRef = AD6A01442B510B47008BD703 /* NetworkSessionManagerMock.swift */; };
		AD6A01482B512FA0008BD703 /* StockListViewModelTests.swift in Sources */ = {isa = PBXBuildFile; fileRef = AD6A01472B512FA0008BD703 /* StockListViewModelTests.swift */; };
		AD6A014B2B5130AD008BD703 /* StockListRepositoryMock.swift in Sources */ = {isa = PBXBuildFile; fileRef = AD6A014A2B5130AD008BD703 /* StockListRepositoryMock.swift */; };
		AD6A014D2B5130D1008BD703 /* StockDetailRepositoryMock.swift in Sources */ = {isa = PBXBuildFile; fileRef = AD6A014C2B5130D1008BD703 /* StockDetailRepositoryMock.swift */; };
		AD6A01502B513B7D008BD703 /* StockDetailViewModelTests.swift in Sources */ = {isa = PBXBuildFile; fileRef = AD6A014F2B513B7D008BD703 /* StockDetailViewModelTests.swift */; };
		AD6A01522B513C29008BD703 /* ImageDownloadRepositoryMock.swift in Sources */ = {isa = PBXBuildFile; fileRef = AD6A01512B513C29008BD703 /* ImageDownloadRepositoryMock.swift */; };
		AD6A01572B514449008BD703 /* StockListViewControllerTests.swift in Sources */ = {isa = PBXBuildFile; fileRef = AD6A01562B514449008BD703 /* StockListViewControllerTests.swift */; };
		AD6A01592B514644008BD703 /* StockDetailViewControllerTests.swift in Sources */ = {isa = PBXBuildFile; fileRef = AD6A01582B514644008BD703 /* StockDetailViewControllerTests.swift */; };
		AD92C8592B4D905300849A65 /* DataTransferService.swift in Sources */ = {isa = PBXBuildFile; fileRef = AD92C8582B4D905300849A65 /* DataTransferService.swift */; };
		AD92C85B2B4D907100849A65 /* NetworkService.swift in Sources */ = {isa = PBXBuildFile; fileRef = AD92C85A2B4D907100849A65 /* NetworkService.swift */; };
		AD92C85D2B4D908400849A65 /* Endpoint.swift in Sources */ = {isa = PBXBuildFile; fileRef = AD92C85C2B4D908400849A65 /* Endpoint.swift */; };
		AD92C85F2B4D909E00849A65 /* NetworkConfig.swift in Sources */ = {isa = PBXBuildFile; fileRef = AD92C85E2B4D909E00849A65 /* NetworkConfig.swift */; };
		AD92C8632B4EF70900849A65 /* AppAppearance.swift in Sources */ = {isa = PBXBuildFile; fileRef = AD92C8622B4EF70900849A65 /* AppAppearance.swift */; };
		AD92C8652B4EF71A00849A65 /* AppConfigurations.swift in Sources */ = {isa = PBXBuildFile; fileRef = AD92C8642B4EF71A00849A65 /* AppConfigurations.swift */; };
		AD92C8672B4EF72C00849A65 /* AppFlowCoordinator.swift in Sources */ = {isa = PBXBuildFile; fileRef = AD92C8662B4EF72C00849A65 /* AppFlowCoordinator.swift */; };
		AD92C86A2B4EF76E00849A65 /* AppDIContainer.swift in Sources */ = {isa = PBXBuildFile; fileRef = AD92C8692B4EF76E00849A65 /* AppDIContainer.swift */; };
		AD92C86C2B4EF77700849A65 /* StockSceneDIContainer.swift in Sources */ = {isa = PBXBuildFile; fileRef = AD92C86B2B4EF77700849A65 /* StockSceneDIContainer.swift */; };
		AD92C8702B4EF8F100849A65 /* StockFlowCoordinator.swift in Sources */ = {isa = PBXBuildFile; fileRef = AD92C86F2B4EF8F100849A65 /* StockFlowCoordinator.swift */; };
		AD92C8732B4EF96E00849A65 /* Alertable.swift in Sources */ = {isa = PBXBuildFile; fileRef = AD92C8722B4EF96E00849A65 /* Alertable.swift */; };
		AD92C87D2B4EF9F200849A65 /* StockDetail.swift in Sources */ = {isa = PBXBuildFile; fileRef = AD92C87C2B4EF9F200849A65 /* StockDetail.swift */; };
		AD92C87F2B4EFA0700849A65 /* Stock.swift in Sources */ = {isa = PBXBuildFile; fileRef = AD92C87E2B4EFA0700849A65 /* Stock.swift */; };
		AD92C8822B4EFA5000849A65 /* UseCase.swift in Sources */ = {isa = PBXBuildFile; fileRef = AD92C8812B4EFA5000849A65 /* UseCase.swift */; };
		AD92C8872B4EFA9300849A65 /* Cancellable.swift in Sources */ = {isa = PBXBuildFile; fileRef = AD92C8862B4EFA9300849A65 /* Cancellable.swift */; };
		AD92C8892B4EFAD600849A65 /* FetchStockListUseCase.swift in Sources */ = {isa = PBXBuildFile; fileRef = AD92C8882B4EFAD600849A65 /* FetchStockListUseCase.swift */; };
		AD92C88B2B4EFB0200849A65 /* FetchStockDetailUseCase.swift in Sources */ = {isa = PBXBuildFile; fileRef = AD92C88A2B4EFB0200849A65 /* FetchStockDetailUseCase.swift */; };
		AD92C88E2B4EFB6900849A65 /* StockListRepository.swift in Sources */ = {isa = PBXBuildFile; fileRef = AD92C88D2B4EFB6900849A65 /* StockListRepository.swift */; };
		AD92C8902B4EFB7C00849A65 /* StockDetailRepository.swift in Sources */ = {isa = PBXBuildFile; fileRef = AD92C88F2B4EFB7C00849A65 /* StockDetailRepository.swift */; };
		AD92C8922B4EFB8E00849A65 /* ImageDownloadRepository.swift in Sources */ = {isa = PBXBuildFile; fileRef = AD92C8912B4EFB8E00849A65 /* ImageDownloadRepository.swift */; };
		AD92C8952B4EFC3600849A65 /* RepositoryTask.swift in Sources */ = {isa = PBXBuildFile; fileRef = AD92C8942B4EFC3600849A65 /* RepositoryTask.swift */; };
		AD92C8972B4EFC5800849A65 /* DefaultStockListRepository.swift in Sources */ = {isa = PBXBuildFile; fileRef = AD92C8962B4EFC5800849A65 /* DefaultStockListRepository.swift */; };
		AD92C8992B4EFC6500849A65 /* DefaultStockDetailRepository.swift in Sources */ = {isa = PBXBuildFile; fileRef = AD92C8982B4EFC6500849A65 /* DefaultStockDetailRepository.swift */; };
		AD92C89B2B4EFC7000849A65 /* DefaultImageDownloadRepository.swift in Sources */ = {isa = PBXBuildFile; fileRef = AD92C89A2B4EFC7000849A65 /* DefaultImageDownloadRepository.swift */; };
		AD92C89D2B4EFCF600849A65 /* APIEndpoints.swift in Sources */ = {isa = PBXBuildFile; fileRef = AD92C89C2B4EFCF600849A65 /* APIEndpoints.swift */; };
		AD92C8A02B4F044B00849A65 /* StockListRequestDTO+Mapping.swift in Sources */ = {isa = PBXBuildFile; fileRef = AD92C89F2B4F044B00849A65 /* StockListRequestDTO+Mapping.swift */; };
		AD92C8A22B4F045C00849A65 /* StockListResponseDTO+Mapping.swift in Sources */ = {isa = PBXBuildFile; fileRef = AD92C8A12B4F045C00849A65 /* StockListResponseDTO+Mapping.swift */; };
		AD92C8A42B4F046D00849A65 /* StockDetailRequestDTO+Mapping.swift in Sources */ = {isa = PBXBuildFile; fileRef = AD92C8A32B4F046D00849A65 /* StockDetailRequestDTO+Mapping.swift */; };
		AD92C8A62B4F047500849A65 /* StockDetailResponseDTO+Mapping.swift in Sources */ = {isa = PBXBuildFile; fileRef = AD92C8A52B4F047500849A65 /* StockDetailResponseDTO+Mapping.swift */; };
		AD92C8B22B4F1E7B00849A65 /* StockListViewModel.swift in Sources */ = {isa = PBXBuildFile; fileRef = AD92C8B12B4F1E7B00849A65 /* StockListViewModel.swift */; };
		AD92C8B42B4F1E8700849A65 /* StockDetailViewModel.swift in Sources */ = {isa = PBXBuildFile; fileRef = AD92C8B32B4F1E8700849A65 /* StockDetailViewModel.swift */; };
/* End PBXBuildFile section */

/* Begin PBXContainerItemProxy section */
		AD4AA3C82B46D8E3005E3107 /* PBXContainerItemProxy */ = {
			isa = PBXContainerItemProxy;
			containerPortal = AD4AA39F2B46D8E1005E3107 /* Project object */;
			proxyType = 1;
			remoteGlobalIDString = AD4AA3A62B46D8E1005E3107;
			remoteInfo = StockTracker;
		};
		AD6A01282B5036D4008BD703 /* PBXContainerItemProxy */ = {
			isa = PBXContainerItemProxy;
			containerPortal = AD4AA39F2B46D8E1005E3107 /* Project object */;
			proxyType = 1;
			remoteGlobalIDString = AD4AA3A62B46D8E1005E3107;
			remoteInfo = StockTracker;
		};
/* End PBXContainerItemProxy section */

/* Begin PBXFileReference section */
		AD1A62642B565C3F00CBA29E /* StockDetailSectionModel.swift */ = {isa = PBXFileReference; lastKnownFileType = sourcecode.swift; path = StockDetailSectionModel.swift; sourceTree = "<group>"; };
		AD1A62662B56688F00CBA29E /* ReadMoreAttribute.swift */ = {isa = PBXFileReference; lastKnownFileType = sourcecode.swift; path = ReadMoreAttribute.swift; sourceTree = "<group>"; };
		AD1A62682B5668A500CBA29E /* StockDetailItemViewModel.swift */ = {isa = PBXFileReference; lastKnownFileType = sourcecode.swift; path = StockDetailItemViewModel.swift; sourceTree = "<group>"; };
		AD1A626A2B5668CD00CBA29E /* String+Extensions.swift */ = {isa = PBXFileReference; lastKnownFileType = sourcecode.swift; path = "String+Extensions.swift"; sourceTree = "<group>"; };
		AD1A626D2B5683E600CBA29E /* DTOModelTests.swift */ = {isa = PBXFileReference; lastKnownFileType = sourcecode.swift; path = DTOModelTests.swift; sourceTree = "<group>"; };
		AD1A626F2B56849B00CBA29E /* AppFont.swift */ = {isa = PBXFileReference; lastKnownFileType = sourcecode.swift; path = AppFont.swift; sourceTree = "<group>"; };
		AD2045C92B51649F0009AD7E /* Roboto-Regular.ttf */ = {isa = PBXFileReference; lastKnownFileType = file; path = "Roboto-Regular.ttf"; sourceTree = "<group>"; };
		AD2045CA2B51649F0009AD7E /* Roboto-Light.ttf */ = {isa = PBXFileReference; lastKnownFileType = file; path = "Roboto-Light.ttf"; sourceTree = "<group>"; };
		AD2045CB2B51649F0009AD7E /* Roboto-Medium.ttf */ = {isa = PBXFileReference; lastKnownFileType = file; path = "Roboto-Medium.ttf"; sourceTree = "<group>"; };
		AD2045D22B5168D50009AD7E /* Roboto-Bold.ttf */ = {isa = PBXFileReference; lastKnownFileType = file; path = "Roboto-Bold.ttf"; sourceTree = "<group>"; };
		AD2045D52B5168EC0009AD7E /* Roboto-Black.ttf */ = {isa = PBXFileReference; lastKnownFileType = file; path = "Roboto-Black.ttf"; sourceTree = "<group>"; };
		AD2649332B55346E00EEF701 /* StockListView.swift */ = {isa = PBXFileReference; lastKnownFileType = sourcecode.swift; path = StockListView.swift; sourceTree = "<group>"; };
		AD2649352B55645B00EEF701 /* StockDetailView.swift */ = {isa = PBXFileReference; lastKnownFileType = sourcecode.swift; path = StockDetailView.swift; sourceTree = "<group>"; };
		AD2649372B5569E700EEF701 /* StockListItem.swift */ = {isa = PBXFileReference; lastKnownFileType = sourcecode.swift; path = StockListItem.swift; sourceTree = "<group>"; };
		AD26493B2B556D2300EEF701 /* StockLogoItem.swift */ = {isa = PBXFileReference; lastKnownFileType = sourcecode.swift; path = StockLogoItem.swift; sourceTree = "<group>"; };
		AD26493D2B556EBC00EEF701 /* StockDetailItem.swift */ = {isa = PBXFileReference; lastKnownFileType = sourcecode.swift; path = StockDetailItem.swift; sourceTree = "<group>"; };
		AD26493F2B5595D700EEF701 /* StockDetailReadMoreItem.swift */ = {isa = PBXFileReference; lastKnownFileType = sourcecode.swift; path = StockDetailReadMoreItem.swift; sourceTree = "<group>"; };
		AD4AA3A72B46D8E1005E3107 /* StockTracker.app */ = {isa = PBXFileReference; explicitFileType = wrapper.application; includeInIndex = 0; path = StockTracker.app; sourceTree = BUILT_PRODUCTS_DIR; };
		AD4AA3AA2B46D8E1005E3107 /* AppDelegate.swift */ = {isa = PBXFileReference; lastKnownFileType = sourcecode.swift; path = AppDelegate.swift; sourceTree = "<group>"; };
		AD4AA3AC2B46D8E1005E3107 /* SceneDelegate.swift */ = {isa = PBXFileReference; lastKnownFileType = sourcecode.swift; path = SceneDelegate.swift; sourceTree = "<group>"; };
		AD4AA3B32B46D8E3005E3107 /* Assets.xcassets */ = {isa = PBXFileReference; lastKnownFileType = folder.assetcatalog; path = Assets.xcassets; sourceTree = "<group>"; };
		AD4AA3B62B46D8E3005E3107 /* Base */ = {isa = PBXFileReference; lastKnownFileType = file.storyboard; name = Base; path = Base.lproj/LaunchScreen.storyboard; sourceTree = "<group>"; };
		AD4AA3B82B46D8E3005E3107 /* Info.plist */ = {isa = PBXFileReference; lastKnownFileType = text.plist.xml; path = Info.plist; sourceTree = "<group>"; };
		AD4AA3C72B46D8E3005E3107 /* StockTrackerUITests.xctest */ = {isa = PBXFileReference; explicitFileType = wrapper.cfbundle; includeInIndex = 0; path = StockTrackerUITests.xctest; sourceTree = BUILT_PRODUCTS_DIR; };
		AD4AA3CB2B46D8E3005E3107 /* StockTrackerUITests.swift */ = {isa = PBXFileReference; lastKnownFileType = sourcecode.swift; path = StockTrackerUITests.swift; sourceTree = "<group>"; };
		AD4AA3CD2B46D8E3005E3107 /* StockTrackerUITestsLaunchTests.swift */ = {isa = PBXFileReference; lastKnownFileType = sourcecode.swift; path = StockTrackerUITestsLaunchTests.swift; sourceTree = "<group>"; };
		AD50030C2B5FEB85005F60D2 /* TextView.swift */ = {isa = PBXFileReference; lastKnownFileType = sourcecode.swift; path = TextView.swift; sourceTree = "<group>"; };
		AD5ED5D72B62889500D00507 /* financialmodelingprep.cer */ = {isa = PBXFileReference; lastKnownFileType = file; path = financialmodelingprep.cer; sourceTree = "<group>"; };
		AD5ED5D92B62896A00D00507 /* DefaultNetworkSessionManager.swift */ = {isa = PBXFileReference; lastKnownFileType = sourcecode.swift; path = DefaultNetworkSessionManager.swift; sourceTree = "<group>"; };
		AD5ED5DC2B628CCD00D00507 /* URLSessionPinningDelegate.swift */ = {isa = PBXFileReference; lastKnownFileType = sourcecode.swift; path = URLSessionPinningDelegate.swift; sourceTree = "<group>"; };
		AD5ED5DE2B62AEB900D00507 /* Constants.swift */ = {isa = PBXFileReference; lastKnownFileType = sourcecode.swift; path = Constants.swift; sourceTree = "<group>"; };
		AD5ED5E02B63A1F100D00507 /* ImageView.swift */ = {isa = PBXFileReference; lastKnownFileType = sourcecode.swift; path = ImageView.swift; sourceTree = "<group>"; };
		AD6A01082B4FEA9B008BD703 /* ImageDownloadUseCase.swift */ = {isa = PBXFileReference; lastKnownFileType = sourcecode.swift; path = ImageDownloadUseCase.swift; sourceTree = "<group>"; };
		AD6A010B2B4FFC3C008BD703 /* ImageResponseStorage.swift */ = {isa = PBXFileReference; lastKnownFileType = sourcecode.swift; path = ImageResponseStorage.swift; sourceTree = "<group>"; };
		AD6A010D2B4FFC81008BD703 /* DefaultImageResponseStorage.swift */ = {isa = PBXFileReference; lastKnownFileType = sourcecode.swift; path = DefaultImageResponseStorage.swift; sourceTree = "<group>"; };
		AD6A01242B5036D4008BD703 /* StockTrackerTests.xctest */ = {isa = PBXFileReference; explicitFileType = wrapper.cfbundle; includeInIndex = 0; path = StockTrackerTests.xctest; sourceTree = BUILT_PRODUCTS_DIR; };
		AD6A01262B5036D4008BD703 /* StockUseCaseTests.swift */ = {isa = PBXFileReference; lastKnownFileType = sourcecode.swift; path = StockUseCaseTests.swift; sourceTree = "<group>"; };
		AD6A013C2B5044A2008BD703 /* Stock+Stub.swift */ = {isa = PBXFileReference; fileEncoding = 4; lastKnownFileType = sourcecode.swift; path = "Stock+Stub.swift"; sourceTree = "<group>"; };
		AD6A013F2B5109C6008BD703 /* NetworkServiceTests.swift */ = {isa = PBXFileReference; lastKnownFileType = sourcecode.swift; path = NetworkServiceTests.swift; sourceTree = "<group>"; };
		AD6A01422B510AE6008BD703 /* NetworkConfigurableMock.swift */ = {isa = PBXFileReference; lastKnownFileType = sourcecode.swift; path = NetworkConfigurableMock.swift; sourceTree = "<group>"; };
		AD6A01442B510B47008BD703 /* NetworkSessionManagerMock.swift */ = {isa = PBXFileReference; lastKnownFileType = sourcecode.swift; path = NetworkSessionManagerMock.swift; sourceTree = "<group>"; };
		AD6A01472B512FA0008BD703 /* StockListViewModelTests.swift */ = {isa = PBXFileReference; lastKnownFileType = sourcecode.swift; path = StockListViewModelTests.swift; sourceTree = "<group>"; };
		AD6A014A2B5130AD008BD703 /* StockListRepositoryMock.swift */ = {isa = PBXFileReference; lastKnownFileType = sourcecode.swift; path = StockListRepositoryMock.swift; sourceTree = "<group>"; };
		AD6A014C2B5130D1008BD703 /* StockDetailRepositoryMock.swift */ = {isa = PBXFileReference; lastKnownFileType = sourcecode.swift; path = StockDetailRepositoryMock.swift; sourceTree = "<group>"; };
		AD6A014F2B513B7D008BD703 /* StockDetailViewModelTests.swift */ = {isa = PBXFileReference; lastKnownFileType = sourcecode.swift; path = StockDetailViewModelTests.swift; sourceTree = "<group>"; };
		AD6A01512B513C29008BD703 /* ImageDownloadRepositoryMock.swift */ = {isa = PBXFileReference; lastKnownFileType = sourcecode.swift; path = ImageDownloadRepositoryMock.swift; sourceTree = "<group>"; };
		AD6A01562B514449008BD703 /* StockListViewControllerTests.swift */ = {isa = PBXFileReference; lastKnownFileType = sourcecode.swift; path = StockListViewControllerTests.swift; sourceTree = "<group>"; };
		AD6A01582B514644008BD703 /* StockDetailViewControllerTests.swift */ = {isa = PBXFileReference; lastKnownFileType = sourcecode.swift; path = StockDetailViewControllerTests.swift; sourceTree = "<group>"; };
		AD92C8582B4D905300849A65 /* DataTransferService.swift */ = {isa = PBXFileReference; lastKnownFileType = sourcecode.swift; path = DataTransferService.swift; sourceTree = "<group>"; };
		AD92C85A2B4D907100849A65 /* NetworkService.swift */ = {isa = PBXFileReference; lastKnownFileType = sourcecode.swift; path = NetworkService.swift; sourceTree = "<group>"; };
		AD92C85C2B4D908400849A65 /* Endpoint.swift */ = {isa = PBXFileReference; lastKnownFileType = sourcecode.swift; path = Endpoint.swift; sourceTree = "<group>"; };
		AD92C85E2B4D909E00849A65 /* NetworkConfig.swift */ = {isa = PBXFileReference; lastKnownFileType = sourcecode.swift; path = NetworkConfig.swift; sourceTree = "<group>"; };
		AD92C8622B4EF70900849A65 /* AppAppearance.swift */ = {isa = PBXFileReference; lastKnownFileType = sourcecode.swift; path = AppAppearance.swift; sourceTree = "<group>"; };
		AD92C8642B4EF71A00849A65 /* AppConfigurations.swift */ = {isa = PBXFileReference; lastKnownFileType = sourcecode.swift; path = AppConfigurations.swift; sourceTree = "<group>"; };
		AD92C8662B4EF72C00849A65 /* AppFlowCoordinator.swift */ = {isa = PBXFileReference; lastKnownFileType = sourcecode.swift; path = AppFlowCoordinator.swift; sourceTree = "<group>"; };
		AD92C8692B4EF76E00849A65 /* AppDIContainer.swift */ = {isa = PBXFileReference; lastKnownFileType = sourcecode.swift; path = AppDIContainer.swift; sourceTree = "<group>"; };
		AD92C86B2B4EF77700849A65 /* StockSceneDIContainer.swift */ = {isa = PBXFileReference; lastKnownFileType = sourcecode.swift; path = StockSceneDIContainer.swift; sourceTree = "<group>"; };
		AD92C86F2B4EF8F100849A65 /* StockFlowCoordinator.swift */ = {isa = PBXFileReference; lastKnownFileType = sourcecode.swift; path = StockFlowCoordinator.swift; sourceTree = "<group>"; };
		AD92C8722B4EF96E00849A65 /* Alertable.swift */ = {isa = PBXFileReference; lastKnownFileType = sourcecode.swift; path = Alertable.swift; sourceTree = "<group>"; };
		AD92C87C2B4EF9F200849A65 /* StockDetail.swift */ = {isa = PBXFileReference; lastKnownFileType = sourcecode.swift; path = StockDetail.swift; sourceTree = "<group>"; };
		AD92C87E2B4EFA0700849A65 /* Stock.swift */ = {isa = PBXFileReference; lastKnownFileType = sourcecode.swift; path = Stock.swift; sourceTree = "<group>"; };
		AD92C8812B4EFA5000849A65 /* UseCase.swift */ = {isa = PBXFileReference; lastKnownFileType = sourcecode.swift; path = UseCase.swift; sourceTree = "<group>"; };
		AD92C8862B4EFA9300849A65 /* Cancellable.swift */ = {isa = PBXFileReference; lastKnownFileType = sourcecode.swift; path = Cancellable.swift; sourceTree = "<group>"; };
		AD92C8882B4EFAD600849A65 /* FetchStockListUseCase.swift */ = {isa = PBXFileReference; lastKnownFileType = sourcecode.swift; path = FetchStockListUseCase.swift; sourceTree = "<group>"; };
		AD92C88A2B4EFB0200849A65 /* FetchStockDetailUseCase.swift */ = {isa = PBXFileReference; lastKnownFileType = sourcecode.swift; path = FetchStockDetailUseCase.swift; sourceTree = "<group>"; };
		AD92C88D2B4EFB6900849A65 /* StockListRepository.swift */ = {isa = PBXFileReference; lastKnownFileType = sourcecode.swift; path = StockListRepository.swift; sourceTree = "<group>"; };
		AD92C88F2B4EFB7C00849A65 /* StockDetailRepository.swift */ = {isa = PBXFileReference; lastKnownFileType = sourcecode.swift; path = StockDetailRepository.swift; sourceTree = "<group>"; };
		AD92C8912B4EFB8E00849A65 /* ImageDownloadRepository.swift */ = {isa = PBXFileReference; lastKnownFileType = sourcecode.swift; path = ImageDownloadRepository.swift; sourceTree = "<group>"; };
		AD92C8942B4EFC3600849A65 /* RepositoryTask.swift */ = {isa = PBXFileReference; lastKnownFileType = sourcecode.swift; path = RepositoryTask.swift; sourceTree = "<group>"; };
		AD92C8962B4EFC5800849A65 /* DefaultStockListRepository.swift */ = {isa = PBXFileReference; lastKnownFileType = sourcecode.swift; path = DefaultStockListRepository.swift; sourceTree = "<group>"; };
		AD92C8982B4EFC6500849A65 /* DefaultStockDetailRepository.swift */ = {isa = PBXFileReference; lastKnownFileType = sourcecode.swift; path = DefaultStockDetailRepository.swift; sourceTree = "<group>"; };
		AD92C89A2B4EFC7000849A65 /* DefaultImageDownloadRepository.swift */ = {isa = PBXFileReference; lastKnownFileType = sourcecode.swift; path = DefaultImageDownloadRepository.swift; sourceTree = "<group>"; };
		AD92C89C2B4EFCF600849A65 /* APIEndpoints.swift */ = {isa = PBXFileReference; lastKnownFileType = sourcecode.swift; path = APIEndpoints.swift; sourceTree = "<group>"; };
		AD92C89F2B4F044B00849A65 /* StockListRequestDTO+Mapping.swift */ = {isa = PBXFileReference; lastKnownFileType = sourcecode.swift; path = "StockListRequestDTO+Mapping.swift"; sourceTree = "<group>"; };
		AD92C8A12B4F045C00849A65 /* StockListResponseDTO+Mapping.swift */ = {isa = PBXFileReference; lastKnownFileType = sourcecode.swift; path = "StockListResponseDTO+Mapping.swift"; sourceTree = "<group>"; };
		AD92C8A32B4F046D00849A65 /* StockDetailRequestDTO+Mapping.swift */ = {isa = PBXFileReference; lastKnownFileType = sourcecode.swift; path = "StockDetailRequestDTO+Mapping.swift"; sourceTree = "<group>"; };
		AD92C8A52B4F047500849A65 /* StockDetailResponseDTO+Mapping.swift */ = {isa = PBXFileReference; lastKnownFileType = sourcecode.swift; path = "StockDetailResponseDTO+Mapping.swift"; sourceTree = "<group>"; };
		AD92C8B12B4F1E7B00849A65 /* StockListViewModel.swift */ = {isa = PBXFileReference; lastKnownFileType = sourcecode.swift; path = StockListViewModel.swift; sourceTree = "<group>"; };
		AD92C8B32B4F1E8700849A65 /* StockDetailViewModel.swift */ = {isa = PBXFileReference; lastKnownFileType = sourcecode.swift; path = StockDetailViewModel.swift; sourceTree = "<group>"; };
/* End PBXFileReference section */

/* Begin PBXFrameworksBuildPhase section */
		AD4AA3A42B46D8E1005E3107 /* Frameworks */ = {
			isa = PBXFrameworksBuildPhase;
			buildActionMask = 2147483647;
			files = (
			);
			runOnlyForDeploymentPostprocessing = 0;
		};
		AD4AA3C42B46D8E3005E3107 /* Frameworks */ = {
			isa = PBXFrameworksBuildPhase;
			buildActionMask = 2147483647;
			files = (
			);
			runOnlyForDeploymentPostprocessing = 0;
		};
		AD6A01212B5036D4008BD703 /* Frameworks */ = {
			isa = PBXFrameworksBuildPhase;
			buildActionMask = 2147483647;
			files = (
			);
			runOnlyForDeploymentPostprocessing = 0;
		};
/* End PBXFrameworksBuildPhase section */

/* Begin PBXGroup section */
		AD1A626C2B5683CC00CBA29E /* DataMapping */ = {
			isa = PBXGroup;
			children = (
				AD1A626D2B5683E600CBA29E /* DTOModelTests.swift */,
			);
			path = DataMapping;
			sourceTree = "<group>";
		};
		AD2045C82B5164730009AD7E /* Font */ = {
			isa = PBXGroup;
			children = (
				AD2045D52B5168EC0009AD7E /* Roboto-Black.ttf */,
				AD2045D22B5168D50009AD7E /* Roboto-Bold.ttf */,
				AD2045CA2B51649F0009AD7E /* Roboto-Light.ttf */,
				AD2045CB2B51649F0009AD7E /* Roboto-Medium.ttf */,
				AD2045C92B51649F0009AD7E /* Roboto-Regular.ttf */,
			);
			path = Font;
			sourceTree = "<group>";
		};
		AD4AA39E2B46D8E1005E3107 = {
			isa = PBXGroup;
			children = (
				AD4AA3A92B46D8E1005E3107 /* StockTracker */,
				AD4AA3CA2B46D8E3005E3107 /* StockTrackerUITests */,
				AD6A01252B5036D4008BD703 /* StockTrackerTests */,
				AD4AA3A82B46D8E1005E3107 /* Products */,
			);
			sourceTree = "<group>";
		};
		AD4AA3A82B46D8E1005E3107 /* Products */ = {
			isa = PBXGroup;
			children = (
				AD4AA3A72B46D8E1005E3107 /* StockTracker.app */,
				AD4AA3C72B46D8E3005E3107 /* StockTrackerUITests.xctest */,
				AD6A01242B5036D4008BD703 /* StockTrackerTests.xctest */,
			);
			name = Products;
			sourceTree = "<group>";
		};
		AD4AA3A92B46D8E1005E3107 /* StockTracker */ = {
			isa = PBXGroup;
			children = (
				AD92C8602B4EF6E000849A65 /* Application */,
				AD92C8382B4D8A9C00849A65 /* Presentation */,
				AD92C8392B4D8AA100849A65 /* Domain */,
				AD92C83A2B4D8AA700849A65 /* Data */,
				AD92C8562B4D8FA200849A65 /* Infrastructure */,
				AD92C8832B4EFA7900849A65 /* Common */,
				AD92C8A72B4F079C00849A65 /* Resources */,
			);
			path = StockTracker;
			sourceTree = "<group>";
		};
		AD4AA3CA2B46D8E3005E3107 /* StockTrackerUITests */ = {
			isa = PBXGroup;
			children = (
				AD4AA3CB2B46D8E3005E3107 /* StockTrackerUITests.swift */,
				AD4AA3CD2B46D8E3005E3107 /* StockTrackerUITestsLaunchTests.swift */,
			);
			path = StockTrackerUITests;
			sourceTree = "<group>";
		};
		AD5ED5DB2B628B0800D00507 /* Certificate */ = {
			isa = PBXGroup;
			children = (
				AD5ED5D72B62889500D00507 /* financialmodelingprep.cer */,
			);
			path = Certificate;
			sourceTree = "<group>";
		};
		AD6A010A2B4FFBF1008BD703 /* ImageCache */ = {
			isa = PBXGroup;
			children = (
				AD6A010B2B4FFC3C008BD703 /* ImageResponseStorage.swift */,
				AD6A010D2B4FFC81008BD703 /* DefaultImageResponseStorage.swift */,
			);
			path = ImageCache;
			sourceTree = "<group>";
		};
		AD6A01252B5036D4008BD703 /* StockTrackerTests */ = {
			isa = PBXGroup;
			children = (
				AD6A013A2B504467008BD703 /* Domain */,
				AD6A01392B504464008BD703 /* Infrastructure */,
				AD6A01382B504461008BD703 /* Presentation */,
				AD6A012D2B5043E7008BD703 /* Stubs */,
			);
			path = StockTrackerTests;
			sourceTree = "<group>";
		};
		AD6A012D2B5043E7008BD703 /* Stubs */ = {
			isa = PBXGroup;
			children = (
				AD6A013C2B5044A2008BD703 /* Stock+Stub.swift */,
			);
			path = Stubs;
			sourceTree = "<group>";
		};
		AD6A01382B504461008BD703 /* Presentation */ = {
			isa = PBXGroup;
			children = (
				AD6A01532B514418008BD703 /* StockScene */,
			);
			path = Presentation;
			sourceTree = "<group>";
		};
		AD6A01392B504464008BD703 /* Infrastructure */ = {
			isa = PBXGroup;
			children = (
				AD6A013E2B510991008BD703 /* Network */,
			);
			path = Infrastructure;
			sourceTree = "<group>";
		};
		AD6A013A2B504467008BD703 /* Domain */ = {
			isa = PBXGroup;
			children = (
				AD6A013B2B50447C008BD703 /* UseCases */,
			);
			path = Domain;
			sourceTree = "<group>";
		};
		AD6A013B2B50447C008BD703 /* UseCases */ = {
			isa = PBXGroup;
			children = (
				AD6A01492B5130A1008BD703 /* Mocks */,
				AD6A01262B5036D4008BD703 /* StockUseCaseTests.swift */,
			);
			path = UseCases;
			sourceTree = "<group>";
		};
		AD6A013E2B510991008BD703 /* Network */ = {
			isa = PBXGroup;
			children = (
				AD1A626C2B5683CC00CBA29E /* DataMapping */,
				AD6A01412B510A1E008BD703 /* Mocks */,
				AD6A013F2B5109C6008BD703 /* NetworkServiceTests.swift */,
			);
			path = Network;
			sourceTree = "<group>";
		};
		AD6A01412B510A1E008BD703 /* Mocks */ = {
			isa = PBXGroup;
			children = (
				AD6A01422B510AE6008BD703 /* NetworkConfigurableMock.swift */,
				AD6A01442B510B47008BD703 /* NetworkSessionManagerMock.swift */,
			);
			path = Mocks;
			sourceTree = "<group>";
		};
		AD6A01492B5130A1008BD703 /* Mocks */ = {
			isa = PBXGroup;
			children = (
				AD6A014A2B5130AD008BD703 /* StockListRepositoryMock.swift */,
				AD6A014C2B5130D1008BD703 /* StockDetailRepositoryMock.swift */,
				AD6A01512B513C29008BD703 /* ImageDownloadRepositoryMock.swift */,
			);
			path = Mocks;
			sourceTree = "<group>";
		};
		AD6A014E2B51343D008BD703 /* Cell */ = {
			isa = PBXGroup;
			children = (
				AD2649372B5569E700EEF701 /* StockListItem.swift */,
			);
			path = Cell;
			sourceTree = "<group>";
		};
		AD6A01532B514418008BD703 /* StockScene */ = {
			isa = PBXGroup;
			children = (
				AD6A01552B51442B008BD703 /* StockList */,
				AD6A01542B514429008BD703 /* StockDetail */,
			);
			path = StockScene;
			sourceTree = "<group>";
		};
		AD6A01542B514429008BD703 /* StockDetail */ = {
			isa = PBXGroup;
			children = (
				AD6A014F2B513B7D008BD703 /* StockDetailViewModelTests.swift */,
				AD6A01582B514644008BD703 /* StockDetailViewControllerTests.swift */,
			);
			path = StockDetail;
			sourceTree = "<group>";
		};
		AD6A01552B51442B008BD703 /* StockList */ = {
			isa = PBXGroup;
			children = (
				AD6A01472B512FA0008BD703 /* StockListViewModelTests.swift */,
				AD6A01562B514449008BD703 /* StockListViewControllerTests.swift */,
			);
			path = StockList;
			sourceTree = "<group>";
		};
		AD92C8382B4D8A9C00849A65 /* Presentation */ = {
			isa = PBXGroup;
			children = (
				AD92C86D2B4EF8D300849A65 /* StockScene */,
				AD92C8712B4EF95500849A65 /* Utils */,
			);
			path = Presentation;
			sourceTree = "<group>";
		};
		AD92C8392B4D8AA100849A65 /* Domain */ = {
			isa = PBXGroup;
			children = (
				AD92C8442B4D8D2D00849A65 /* Entities */,
				AD92C8432B4D8D2B00849A65 /* UseCases */,
				AD92C8422B4D8D2800849A65 /* Interfaces */,
			);
			path = Domain;
			sourceTree = "<group>";
		};
		AD92C83A2B4D8AA700849A65 /* Data */ = {
			isa = PBXGroup;
			children = (
				AD92C8402B4D8D1000849A65 /* Repositories */,
				AD92C83F2B4D8D0D00849A65 /* Network */,
				AD6A010A2B4FFBF1008BD703 /* ImageCache */,
			);
			path = Data;
			sourceTree = "<group>";
		};
		AD92C83F2B4D8D0D00849A65 /* Network */ = {
			isa = PBXGroup;
			children = (
				AD92C89C2B4EFCF600849A65 /* APIEndpoints.swift */,
				AD92C89E2B4EFD0600849A65 /* DataMapping */,
			);
			path = Network;
			sourceTree = "<group>";
		};
		AD92C8402B4D8D1000849A65 /* Repositories */ = {
			isa = PBXGroup;
			children = (
				AD92C8962B4EFC5800849A65 /* DefaultStockListRepository.swift */,
				AD92C8982B4EFC6500849A65 /* DefaultStockDetailRepository.swift */,
				AD92C89A2B4EFC7000849A65 /* DefaultImageDownloadRepository.swift */,
				AD92C8932B4EFC2000849A65 /* Utils */,
			);
			path = Repositories;
			sourceTree = "<group>";
		};
		AD92C8422B4D8D2800849A65 /* Interfaces */ = {
			isa = PBXGroup;
			children = (
				AD92C88C2B4EFB4800849A65 /* Repositories */,
			);
			path = Interfaces;
			sourceTree = "<group>";
		};
		AD92C8432B4D8D2B00849A65 /* UseCases */ = {
			isa = PBXGroup;
			children = (
				AD92C8802B4EFA4700849A65 /* Protocol */,
				AD92C8882B4EFAD600849A65 /* FetchStockListUseCase.swift */,
				AD92C88A2B4EFB0200849A65 /* FetchStockDetailUseCase.swift */,
				AD6A01082B4FEA9B008BD703 /* ImageDownloadUseCase.swift */,
			);
			path = UseCases;
			sourceTree = "<group>";
		};
		AD92C8442B4D8D2D00849A65 /* Entities */ = {
			isa = PBXGroup;
			children = (
				AD92C87E2B4EFA0700849A65 /* Stock.swift */,
				AD92C87C2B4EF9F200849A65 /* StockDetail.swift */,
			);
			path = Entities;
			sourceTree = "<group>";
		};
		AD92C8452B4D8D4100849A65 /* StockDetail */ = {
			isa = PBXGroup;
			children = (
				AD92C8482B4D8D5300849A65 /* ViewModel */,
				AD92C8472B4D8D5000849A65 /* View */,
			);
			path = StockDetail;
			sourceTree = "<group>";
		};
		AD92C8472B4D8D5000849A65 /* View */ = {
			isa = PBXGroup;
			children = (
				AD92C8B02B4F09FB00849A65 /* Cells */,
				AD2649352B55645B00EEF701 /* StockDetailView.swift */,
			);
			path = View;
			sourceTree = "<group>";
		};
		AD92C8482B4D8D5300849A65 /* ViewModel */ = {
			isa = PBXGroup;
			children = (
				AD92C8B32B4F1E8700849A65 /* StockDetailViewModel.swift */,
				AD1A62642B565C3F00CBA29E /* StockDetailSectionModel.swift */,
				AD1A62682B5668A500CBA29E /* StockDetailItemViewModel.swift */,
			);
			path = ViewModel;
			sourceTree = "<group>";
		};
		AD92C84A2B4D8D8100849A65 /* StockList */ = {
			isa = PBXGroup;
			children = (
				AD92C84C2B4D8D9800849A65 /* ViewModel */,
				AD92C84B2B4D8D9600849A65 /* View */,
			);
			path = StockList;
			sourceTree = "<group>";
		};
		AD92C84B2B4D8D9600849A65 /* View */ = {
			isa = PBXGroup;
			children = (
				AD6A014E2B51343D008BD703 /* Cell */,
				AD2649332B55346E00EEF701 /* StockListView.swift */,
			);
			path = View;
			sourceTree = "<group>";
		};
		AD92C84C2B4D8D9800849A65 /* ViewModel */ = {
			isa = PBXGroup;
			children = (
				AD92C8B12B4F1E7B00849A65 /* StockListViewModel.swift */,
			);
			path = ViewModel;
			sourceTree = "<group>";
		};
		AD92C8562B4D8FA200849A65 /* Infrastructure */ = {
			isa = PBXGroup;
			children = (
				AD92C8572B4D8FB200849A65 /* Network */,
			);
			path = Infrastructure;
			sourceTree = "<group>";
		};
		AD92C8572B4D8FB200849A65 /* Network */ = {
			isa = PBXGroup;
			children = (
				AD92C8582B4D905300849A65 /* DataTransferService.swift */,
				AD92C85A2B4D907100849A65 /* NetworkService.swift */,
				AD5ED5D92B62896A00D00507 /* DefaultNetworkSessionManager.swift */,
				AD5ED5DC2B628CCD00D00507 /* URLSessionPinningDelegate.swift */,
				AD92C85C2B4D908400849A65 /* Endpoint.swift */,
				AD92C85E2B4D909E00849A65 /* NetworkConfig.swift */,
			);
			path = Network;
			sourceTree = "<group>";
		};
		AD92C8602B4EF6E000849A65 /* Application */ = {
			isa = PBXGroup;
			children = (
				AD4AA3AA2B46D8E1005E3107 /* AppDelegate.swift */,
				AD4AA3AC2B46D8E1005E3107 /* SceneDelegate.swift */,
				AD1A626F2B56849B00CBA29E /* AppFont.swift */,
				AD92C8622B4EF70900849A65 /* AppAppearance.swift */,
				AD92C8642B4EF71A00849A65 /* AppConfigurations.swift */,
				AD92C8662B4EF72C00849A65 /* AppFlowCoordinator.swift */,
				AD92C8682B4EF76300849A65 /* DIContainer */,
			);
			path = Application;
			sourceTree = "<group>";
		};
		AD92C8682B4EF76300849A65 /* DIContainer */ = {
			isa = PBXGroup;
			children = (
				AD92C8692B4EF76E00849A65 /* AppDIContainer.swift */,
				AD92C86B2B4EF77700849A65 /* StockSceneDIContainer.swift */,
			);
			path = DIContainer;
			sourceTree = "<group>";
		};
		AD92C86D2B4EF8D300849A65 /* StockScene */ = {
			isa = PBXGroup;
			children = (
				AD92C86E2B4EF8E200849A65 /* Flows */,
				AD92C84A2B4D8D8100849A65 /* StockList */,
				AD92C8452B4D8D4100849A65 /* StockDetail */,
			);
			path = StockScene;
			sourceTree = "<group>";
		};
		AD92C86E2B4EF8E200849A65 /* Flows */ = {
			isa = PBXGroup;
			children = (
				AD92C86F2B4EF8F100849A65 /* StockFlowCoordinator.swift */,
			);
			path = Flows;
			sourceTree = "<group>";
		};
		AD92C8712B4EF95500849A65 /* Utils */ = {
			isa = PBXGroup;
			children = (
				AD92C8722B4EF96E00849A65 /* Alertable.swift */,
				AD1A62662B56688F00CBA29E /* ReadMoreAttribute.swift */,
				AD1A626A2B5668CD00CBA29E /* String+Extensions.swift */,
				AD50030C2B5FEB85005F60D2 /* TextView.swift */,
				AD5ED5E02B63A1F100D00507 /* ImageView.swift */,
				AD5ED5DE2B62AEB900D00507 /* Constants.swift */,
			);
			path = Utils;
			sourceTree = "<group>";
		};
		AD92C8802B4EFA4700849A65 /* Protocol */ = {
			isa = PBXGroup;
			children = (
				AD92C8812B4EFA5000849A65 /* UseCase.swift */,
			);
			path = Protocol;
			sourceTree = "<group>";
		};
		AD92C8832B4EFA7900849A65 /* Common */ = {
			isa = PBXGroup;
			children = (
				AD92C8862B4EFA9300849A65 /* Cancellable.swift */,
			);
			path = Common;
			sourceTree = "<group>";
		};
		AD92C88C2B4EFB4800849A65 /* Repositories */ = {
			isa = PBXGroup;
			children = (
				AD92C88D2B4EFB6900849A65 /* StockListRepository.swift */,
				AD92C88F2B4EFB7C00849A65 /* StockDetailRepository.swift */,
				AD92C8912B4EFB8E00849A65 /* ImageDownloadRepository.swift */,
			);
			path = Repositories;
			sourceTree = "<group>";
		};
		AD92C8932B4EFC2000849A65 /* Utils */ = {
			isa = PBXGroup;
			children = (
				AD92C8942B4EFC3600849A65 /* RepositoryTask.swift */,
			);
			path = Utils;
			sourceTree = "<group>";
		};
		AD92C89E2B4EFD0600849A65 /* DataMapping */ = {
			isa = PBXGroup;
			children = (
				AD92C89F2B4F044B00849A65 /* StockListRequestDTO+Mapping.swift */,
				AD92C8A12B4F045C00849A65 /* StockListResponseDTO+Mapping.swift */,
				AD92C8A32B4F046D00849A65 /* StockDetailRequestDTO+Mapping.swift */,
				AD92C8A52B4F047500849A65 /* StockDetailResponseDTO+Mapping.swift */,
			);
			path = DataMapping;
			sourceTree = "<group>";
		};
		AD92C8A72B4F079C00849A65 /* Resources */ = {
			isa = PBXGroup;
			children = (
				AD5ED5DB2B628B0800D00507 /* Certificate */,
				AD2045C82B5164730009AD7E /* Font */,
				AD4AA3B32B46D8E3005E3107 /* Assets.xcassets */,
				AD4AA3B52B46D8E3005E3107 /* LaunchScreen.storyboard */,
				AD4AA3B82B46D8E3005E3107 /* Info.plist */,
			);
			path = Resources;
			sourceTree = "<group>";
		};
		AD92C8B02B4F09FB00849A65 /* Cells */ = {
			isa = PBXGroup;
			children = (
				AD26493B2B556D2300EEF701 /* StockLogoItem.swift */,
				AD26493D2B556EBC00EEF701 /* StockDetailItem.swift */,
				AD26493F2B5595D700EEF701 /* StockDetailReadMoreItem.swift */,
			);
			path = Cells;
			sourceTree = "<group>";
		};
/* End PBXGroup section */

/* Begin PBXNativeTarget section */
		AD4AA3A62B46D8E1005E3107 /* StockTracker */ = {
			isa = PBXNativeTarget;
			buildConfigurationList = AD4AA3D12B46D8E3005E3107 /* Build configuration list for PBXNativeTarget "StockTracker" */;
			buildPhases = (
				AD4AA3A32B46D8E1005E3107 /* Sources */,
				AD4AA3A42B46D8E1005E3107 /* Frameworks */,
				AD4AA3A52B46D8E1005E3107 /* Resources */,
			);
			buildRules = (
			);
			dependencies = (
			);
			name = StockTracker;
			productName = StockTracker;
			productReference = AD4AA3A72B46D8E1005E3107 /* StockTracker.app */;
			productType = "com.apple.product-type.application";
		};
		AD4AA3C62B46D8E3005E3107 /* StockTrackerUITests */ = {
			isa = PBXNativeTarget;
			buildConfigurationList = AD4AA3D72B46D8E3005E3107 /* Build configuration list for PBXNativeTarget "StockTrackerUITests" */;
			buildPhases = (
				AD4AA3C32B46D8E3005E3107 /* Sources */,
				AD4AA3C42B46D8E3005E3107 /* Frameworks */,
				AD4AA3C52B46D8E3005E3107 /* Resources */,
			);
			buildRules = (
			);
			dependencies = (
				AD4AA3C92B46D8E3005E3107 /* PBXTargetDependency */,
			);
			name = StockTrackerUITests;
			productName = StockTrackerUITests;
			productReference = AD4AA3C72B46D8E3005E3107 /* StockTrackerUITests.xctest */;
			productType = "com.apple.product-type.bundle.ui-testing";
		};
		AD6A01232B5036D4008BD703 /* StockTrackerTests */ = {
			isa = PBXNativeTarget;
			buildConfigurationList = AD6A012A2B5036D4008BD703 /* Build configuration list for PBXNativeTarget "StockTrackerTests" */;
			buildPhases = (
				AD6A01202B5036D4008BD703 /* Sources */,
				AD6A01212B5036D4008BD703 /* Frameworks */,
				AD6A01222B5036D4008BD703 /* Resources */,
			);
			buildRules = (
			);
			dependencies = (
				AD6A01292B5036D4008BD703 /* PBXTargetDependency */,
			);
			name = StockTrackerTests;
			productName = StockTrackerTests;
			productReference = AD6A01242B5036D4008BD703 /* StockTrackerTests.xctest */;
			productType = "com.apple.product-type.bundle.unit-test";
		};
/* End PBXNativeTarget section */

/* Begin PBXProject section */
		AD4AA39F2B46D8E1005E3107 /* Project object */ = {
			isa = PBXProject;
			attributes = {
				BuildIndependentTargetsInParallel = 1;
				LastSwiftUpdateCheck = 1500;
				LastUpgradeCheck = 1500;
				TargetAttributes = {
					AD4AA3A62B46D8E1005E3107 = {
						CreatedOnToolsVersion = 15.0.1;
					};
					AD4AA3C62B46D8E3005E3107 = {
						CreatedOnToolsVersion = 15.0.1;
						TestTargetID = AD4AA3A62B46D8E1005E3107;
					};
					AD6A01232B5036D4008BD703 = {
						CreatedOnToolsVersion = 15.0.1;
						TestTargetID = AD4AA3A62B46D8E1005E3107;
					};
				};
			};
			buildConfigurationList = AD4AA3A22B46D8E1005E3107 /* Build configuration list for PBXProject "StockTracker" */;
			compatibilityVersion = "Xcode 14.0";
			developmentRegion = en;
			hasScannedForEncodings = 0;
			knownRegions = (
				en,
				Base,
			);
			mainGroup = AD4AA39E2B46D8E1005E3107;
			productRefGroup = AD4AA3A82B46D8E1005E3107 /* Products */;
			projectDirPath = "";
			projectRoot = "";
			targets = (
				AD4AA3A62B46D8E1005E3107 /* StockTracker */,
				AD4AA3C62B46D8E3005E3107 /* StockTrackerUITests */,
				AD6A01232B5036D4008BD703 /* StockTrackerTests */,
			);
		};
/* End PBXProject section */

/* Begin PBXResourcesBuildPhase section */
		AD4AA3A52B46D8E1005E3107 /* Resources */ = {
			isa = PBXResourcesBuildPhase;
			buildActionMask = 2147483647;
			files = (
				AD4AA3B72B46D8E3005E3107 /* LaunchScreen.storyboard in Resources */,
				AD5ED5D82B62889500D00507 /* financialmodelingprep.cer in Resources */,
				AD2045D32B5168D50009AD7E /* Roboto-Bold.ttf in Resources */,
				AD2045CE2B51649F0009AD7E /* Roboto-Light.ttf in Resources */,
				AD4AA3B42B46D8E3005E3107 /* Assets.xcassets in Resources */,
				AD2045CC2B51649F0009AD7E /* Roboto-Regular.ttf in Resources */,
				AD2045D62B5168EC0009AD7E /* Roboto-Black.ttf in Resources */,
				AD2045D02B51649F0009AD7E /* Roboto-Medium.ttf in Resources */,
			);
			runOnlyForDeploymentPostprocessing = 0;
		};
		AD4AA3C52B46D8E3005E3107 /* Resources */ = {
			isa = PBXResourcesBuildPhase;
			buildActionMask = 2147483647;
			files = (
			);
			runOnlyForDeploymentPostprocessing = 0;
		};
		AD6A01222B5036D4008BD703 /* Resources */ = {
			isa = PBXResourcesBuildPhase;
			buildActionMask = 2147483647;
			files = (
				AD2045CF2B51649F0009AD7E /* Roboto-Light.ttf in Resources */,
				AD2045CD2B51649F0009AD7E /* Roboto-Regular.ttf in Resources */,
				AD2045D72B5168EC0009AD7E /* Roboto-Black.ttf in Resources */,
				AD2045D42B5168D50009AD7E /* Roboto-Bold.ttf in Resources */,
				AD2045D12B51649F0009AD7E /* Roboto-Medium.ttf in Resources */,
			);
			runOnlyForDeploymentPostprocessing = 0;
		};
/* End PBXResourcesBuildPhase section */

/* Begin PBXSourcesBuildPhase section */
		AD4AA3A32B46D8E1005E3107 /* Sources */ = {
			isa = PBXSourcesBuildPhase;
			buildActionMask = 2147483647;
			files = (
				AD92C87D2B4EF9F200849A65 /* StockDetail.swift in Sources */,
				AD1A62692B5668A500CBA29E /* StockDetailItemViewModel.swift in Sources */,
				AD92C8992B4EFC6500849A65 /* DefaultStockDetailRepository.swift in Sources */,
				AD92C8A42B4F046D00849A65 /* StockDetailRequestDTO+Mapping.swift in Sources */,
				AD5ED5E12B63A1F100D00507 /* ImageView.swift in Sources */,
				AD92C85D2B4D908400849A65 /* Endpoint.swift in Sources */,
				AD6A01092B4FEA9B008BD703 /* ImageDownloadUseCase.swift in Sources */,
				AD92C8632B4EF70900849A65 /* AppAppearance.swift in Sources */,
				AD92C8592B4D905300849A65 /* DataTransferService.swift in Sources */,
				AD2649362B55645B00EEF701 /* StockDetailView.swift in Sources */,
				AD50030D2B5FEB85005F60D2 /* TextView.swift in Sources */,
				AD92C8A22B4F045C00849A65 /* StockListResponseDTO+Mapping.swift in Sources */,
				AD92C8892B4EFAD600849A65 /* FetchStockListUseCase.swift in Sources */,
				AD1A62652B565C3F00CBA29E /* StockDetailSectionModel.swift in Sources */,
				AD92C8922B4EFB8E00849A65 /* ImageDownloadRepository.swift in Sources */,
				AD92C8732B4EF96E00849A65 /* Alertable.swift in Sources */,
				AD92C85B2B4D907100849A65 /* NetworkService.swift in Sources */,
				AD2649382B5569E700EEF701 /* StockListItem.swift in Sources */,
				AD92C89D2B4EFCF600849A65 /* APIEndpoints.swift in Sources */,
				AD92C8902B4EFB7C00849A65 /* StockDetailRepository.swift in Sources */,
				AD1A62672B56688F00CBA29E /* ReadMoreAttribute.swift in Sources */,
				AD2649402B5595D700EEF701 /* StockDetailReadMoreItem.swift in Sources */,
				AD92C89B2B4EFC7000849A65 /* DefaultImageDownloadRepository.swift in Sources */,
				AD4AA3AB2B46D8E1005E3107 /* AppDelegate.swift in Sources */,
				AD92C8A62B4F047500849A65 /* StockDetailResponseDTO+Mapping.swift in Sources */,
				AD92C8952B4EFC3600849A65 /* RepositoryTask.swift in Sources */,
				AD92C8822B4EFA5000849A65 /* UseCase.swift in Sources */,
				AD92C88B2B4EFB0200849A65 /* FetchStockDetailUseCase.swift in Sources */,
				AD92C8A02B4F044B00849A65 /* StockListRequestDTO+Mapping.swift in Sources */,
				AD26493E2B556EBC00EEF701 /* StockDetailItem.swift in Sources */,
				AD92C8B22B4F1E7B00849A65 /* StockListViewModel.swift in Sources */,
				AD5ED5DA2B62896A00D00507 /* DefaultNetworkSessionManager.swift in Sources */,
				AD92C8872B4EFA9300849A65 /* Cancellable.swift in Sources */,
				AD6A010E2B4FFC81008BD703 /* DefaultImageResponseStorage.swift in Sources */,
				AD92C86A2B4EF76E00849A65 /* AppDIContainer.swift in Sources */,
				AD26493C2B556D2300EEF701 /* StockLogoItem.swift in Sources */,
				AD5ED5DF2B62AEB900D00507 /* Constants.swift in Sources */,
				AD4AA3AD2B46D8E1005E3107 /* SceneDelegate.swift in Sources */,
				AD92C86C2B4EF77700849A65 /* StockSceneDIContainer.swift in Sources */,
				AD1A62702B56849B00CBA29E /* AppFont.swift in Sources */,
				AD92C85F2B4D909E00849A65 /* NetworkConfig.swift in Sources */,
				AD92C8972B4EFC5800849A65 /* DefaultStockListRepository.swift in Sources */,
				AD92C8652B4EF71A00849A65 /* AppConfigurations.swift in Sources */,
				AD92C8B42B4F1E8700849A65 /* StockDetailViewModel.swift in Sources */,
				AD92C87F2B4EFA0700849A65 /* Stock.swift in Sources */,
				AD92C8672B4EF72C00849A65 /* AppFlowCoordinator.swift in Sources */,
				AD6A010C2B4FFC3C008BD703 /* ImageResponseStorage.swift in Sources */,
				AD1A626B2B5668CD00CBA29E /* String+Extensions.swift in Sources */,
				AD92C8702B4EF8F100849A65 /* StockFlowCoordinator.swift in Sources */,
				AD92C88E2B4EFB6900849A65 /* StockListRepository.swift in Sources */,
				AD2649342B55346E00EEF701 /* StockListView.swift in Sources */,
				AD5ED5DD2B628CCD00D00507 /* URLSessionPinningDelegate.swift in Sources */,
			);
			runOnlyForDeploymentPostprocessing = 0;
		};
		AD4AA3C32B46D8E3005E3107 /* Sources */ = {
			isa = PBXSourcesBuildPhase;
			buildActionMask = 2147483647;
			files = (
				AD4AA3CE2B46D8E3005E3107 /* StockTrackerUITestsLaunchTests.swift in Sources */,
				AD4AA3CC2B46D8E3005E3107 /* StockTrackerUITests.swift in Sources */,
			);
			runOnlyForDeploymentPostprocessing = 0;
		};
		AD6A01202B5036D4008BD703 /* Sources */ = {
			isa = PBXSourcesBuildPhase;
			buildActionMask = 2147483647;
			files = (
				AD1A626E2B5683E600CBA29E /* DTOModelTests.swift in Sources */,
				AD6A013D2B5044A2008BD703 /* Stock+Stub.swift in Sources */,
				AD6A01502B513B7D008BD703 /* StockDetailViewModelTests.swift in Sources */,
				AD6A01432B510AE6008BD703 /* NetworkConfigurableMock.swift in Sources */,
				AD6A01522B513C29008BD703 /* ImageDownloadRepositoryMock.swift in Sources */,
				AD6A014B2B5130AD008BD703 /* StockListRepositoryMock.swift in Sources */,
				AD6A014D2B5130D1008BD703 /* StockDetailRepositoryMock.swift in Sources */,
				AD6A01452B510B47008BD703 /* NetworkSessionManagerMock.swift in Sources */,
				AD6A01402B5109C6008BD703 /* NetworkServiceTests.swift in Sources */,
				AD6A01592B514644008BD703 /* StockDetailViewControllerTests.swift in Sources */,
				AD6A01572B514449008BD703 /* StockListViewControllerTests.swift in Sources */,
				AD6A01272B5036D4008BD703 /* StockUseCaseTests.swift in Sources */,
				AD6A01482B512FA0008BD703 /* StockListViewModelTests.swift in Sources */,
			);
			runOnlyForDeploymentPostprocessing = 0;
		};
/* End PBXSourcesBuildPhase section */

/* Begin PBXTargetDependency section */
		AD4AA3C92B46D8E3005E3107 /* PBXTargetDependency */ = {
			isa = PBXTargetDependency;
			target = AD4AA3A62B46D8E1005E3107 /* StockTracker */;
			targetProxy = AD4AA3C82B46D8E3005E3107 /* PBXContainerItemProxy */;
		};
		AD6A01292B5036D4008BD703 /* PBXTargetDependency */ = {
			isa = PBXTargetDependency;
			target = AD4AA3A62B46D8E1005E3107 /* StockTracker */;
			targetProxy = AD6A01282B5036D4008BD703 /* PBXContainerItemProxy */;
		};
/* End PBXTargetDependency section */

/* Begin PBXVariantGroup section */
		AD4AA3B52B46D8E3005E3107 /* LaunchScreen.storyboard */ = {
			isa = PBXVariantGroup;
			children = (
				AD4AA3B62B46D8E3005E3107 /* Base */,
			);
			name = LaunchScreen.storyboard;
			sourceTree = "<group>";
		};
/* End PBXVariantGroup section */

/* Begin XCBuildConfiguration section */
		AD4AA3CF2B46D8E3005E3107 /* Debug */ = {
			isa = XCBuildConfiguration;
			buildSettings = {
				ALWAYS_SEARCH_USER_PATHS = NO;
				ASSETCATALOG_COMPILER_GENERATE_SWIFT_ASSET_SYMBOL_EXTENSIONS = YES;
				CLANG_ANALYZER_NONNULL = YES;
				CLANG_ANALYZER_NUMBER_OBJECT_CONVERSION = YES_AGGRESSIVE;
				CLANG_CXX_LANGUAGE_STANDARD = "gnu++20";
				CLANG_ENABLE_MODULES = YES;
				CLANG_ENABLE_OBJC_ARC = YES;
				CLANG_ENABLE_OBJC_WEAK = YES;
				CLANG_WARN_BLOCK_CAPTURE_AUTORELEASING = YES;
				CLANG_WARN_BOOL_CONVERSION = YES;
				CLANG_WARN_COMMA = YES;
				CLANG_WARN_CONSTANT_CONVERSION = YES;
				CLANG_WARN_DEPRECATED_OBJC_IMPLEMENTATIONS = YES;
				CLANG_WARN_DIRECT_OBJC_ISA_USAGE = YES_ERROR;
				CLANG_WARN_DOCUMENTATION_COMMENTS = YES;
				CLANG_WARN_EMPTY_BODY = YES;
				CLANG_WARN_ENUM_CONVERSION = YES;
				CLANG_WARN_INFINITE_RECURSION = YES;
				CLANG_WARN_INT_CONVERSION = YES;
				CLANG_WARN_NON_LITERAL_NULL_CONVERSION = YES;
				CLANG_WARN_OBJC_IMPLICIT_RETAIN_SELF = YES;
				CLANG_WARN_OBJC_LITERAL_CONVERSION = YES;
				CLANG_WARN_OBJC_ROOT_CLASS = YES_ERROR;
				CLANG_WARN_QUOTED_INCLUDE_IN_FRAMEWORK_HEADER = YES;
				CLANG_WARN_RANGE_LOOP_ANALYSIS = YES;
				CLANG_WARN_STRICT_PROTOTYPES = YES;
				CLANG_WARN_SUSPICIOUS_MOVE = YES;
				CLANG_WARN_UNGUARDED_AVAILABILITY = YES_AGGRESSIVE;
				CLANG_WARN_UNREACHABLE_CODE = YES;
				CLANG_WARN__DUPLICATE_METHOD_MATCH = YES;
				COPY_PHASE_STRIP = NO;
				DEBUG_INFORMATION_FORMAT = dwarf;
				ENABLE_STRICT_OBJC_MSGSEND = YES;
				ENABLE_TESTABILITY = YES;
				ENABLE_USER_SCRIPT_SANDBOXING = YES;
				GCC_C_LANGUAGE_STANDARD = gnu17;
				GCC_DYNAMIC_NO_PIC = NO;
				GCC_NO_COMMON_BLOCKS = YES;
				GCC_OPTIMIZATION_LEVEL = 0;
				GCC_PREPROCESSOR_DEFINITIONS = (
					"DEBUG=1",
					"$(inherited)",
				);
				GCC_WARN_64_TO_32_BIT_CONVERSION = YES;
				GCC_WARN_ABOUT_RETURN_TYPE = YES_ERROR;
				GCC_WARN_UNDECLARED_SELECTOR = YES;
				GCC_WARN_UNINITIALIZED_AUTOS = YES_AGGRESSIVE;
				GCC_WARN_UNUSED_FUNCTION = YES;
				GCC_WARN_UNUSED_VARIABLE = YES;
				IPHONEOS_DEPLOYMENT_TARGET = 17.0;
				LOCALIZATION_PREFERS_STRING_CATALOGS = YES;
				MTL_ENABLE_DEBUG_INFO = INCLUDE_SOURCE;
				MTL_FAST_MATH = YES;
				ONLY_ACTIVE_ARCH = YES;
				SDKROOT = iphoneos;
				SWIFT_ACTIVE_COMPILATION_CONDITIONS = "DEBUG $(inherited)";
				SWIFT_OPTIMIZATION_LEVEL = "-Onone";
			};
			name = Debug;
		};
		AD4AA3D02B46D8E3005E3107 /* Release */ = {
			isa = XCBuildConfiguration;
			buildSettings = {
				ALWAYS_SEARCH_USER_PATHS = NO;
				ASSETCATALOG_COMPILER_GENERATE_SWIFT_ASSET_SYMBOL_EXTENSIONS = YES;
				CLANG_ANALYZER_NONNULL = YES;
				CLANG_ANALYZER_NUMBER_OBJECT_CONVERSION = YES_AGGRESSIVE;
				CLANG_CXX_LANGUAGE_STANDARD = "gnu++20";
				CLANG_ENABLE_MODULES = YES;
				CLANG_ENABLE_OBJC_ARC = YES;
				CLANG_ENABLE_OBJC_WEAK = YES;
				CLANG_WARN_BLOCK_CAPTURE_AUTORELEASING = YES;
				CLANG_WARN_BOOL_CONVERSION = YES;
				CLANG_WARN_COMMA = YES;
				CLANG_WARN_CONSTANT_CONVERSION = YES;
				CLANG_WARN_DEPRECATED_OBJC_IMPLEMENTATIONS = YES;
				CLANG_WARN_DIRECT_OBJC_ISA_USAGE = YES_ERROR;
				CLANG_WARN_DOCUMENTATION_COMMENTS = YES;
				CLANG_WARN_EMPTY_BODY = YES;
				CLANG_WARN_ENUM_CONVERSION = YES;
				CLANG_WARN_INFINITE_RECURSION = YES;
				CLANG_WARN_INT_CONVERSION = YES;
				CLANG_WARN_NON_LITERAL_NULL_CONVERSION = YES;
				CLANG_WARN_OBJC_IMPLICIT_RETAIN_SELF = YES;
				CLANG_WARN_OBJC_LITERAL_CONVERSION = YES;
				CLANG_WARN_OBJC_ROOT_CLASS = YES_ERROR;
				CLANG_WARN_QUOTED_INCLUDE_IN_FRAMEWORK_HEADER = YES;
				CLANG_WARN_RANGE_LOOP_ANALYSIS = YES;
				CLANG_WARN_STRICT_PROTOTYPES = YES;
				CLANG_WARN_SUSPICIOUS_MOVE = YES;
				CLANG_WARN_UNGUARDED_AVAILABILITY = YES_AGGRESSIVE;
				CLANG_WARN_UNREACHABLE_CODE = YES;
				CLANG_WARN__DUPLICATE_METHOD_MATCH = YES;
				COPY_PHASE_STRIP = NO;
				DEBUG_INFORMATION_FORMAT = "dwarf-with-dsym";
				ENABLE_NS_ASSERTIONS = NO;
				ENABLE_STRICT_OBJC_MSGSEND = YES;
				ENABLE_USER_SCRIPT_SANDBOXING = YES;
				GCC_C_LANGUAGE_STANDARD = gnu17;
				GCC_NO_COMMON_BLOCKS = YES;
				GCC_WARN_64_TO_32_BIT_CONVERSION = YES;
				GCC_WARN_ABOUT_RETURN_TYPE = YES_ERROR;
				GCC_WARN_UNDECLARED_SELECTOR = YES;
				GCC_WARN_UNINITIALIZED_AUTOS = YES_AGGRESSIVE;
				GCC_WARN_UNUSED_FUNCTION = YES;
				GCC_WARN_UNUSED_VARIABLE = YES;
				IPHONEOS_DEPLOYMENT_TARGET = 17.0;
				LOCALIZATION_PREFERS_STRING_CATALOGS = YES;
				MTL_ENABLE_DEBUG_INFO = NO;
				MTL_FAST_MATH = YES;
				SDKROOT = iphoneos;
				SWIFT_COMPILATION_MODE = wholemodule;
				VALIDATE_PRODUCT = YES;
			};
			name = Release;
		};
		AD4AA3D22B46D8E3005E3107 /* Debug */ = {
			isa = XCBuildConfiguration;
			buildSettings = {
				API_BASE_URL = "https://financialmodelingprep.com/api/v3/";
				API_KEY = 3d2f98306a3605155507f04bd6511a09;
				ASSETCATALOG_COMPILER_APPICON_NAME = AppIcon;
				ASSETCATALOG_COMPILER_GLOBAL_ACCENT_COLOR_NAME = AccentColor;
				CODE_SIGN_STYLE = Automatic;
				CURRENT_PROJECT_VERSION = 1;
				DEVELOPMENT_TEAM = 5AUYB3KVDZ;
				GENERATE_INFOPLIST_FILE = YES;
				INFOPLIST_FILE = StockTracker/Resources/Info.plist;
				INFOPLIST_KEY_UIApplicationSupportsIndirectInputEvents = YES;
				INFOPLIST_KEY_UILaunchStoryboardName = LaunchScreen;
				INFOPLIST_KEY_UISupportedInterfaceOrientations_iPad = "UIInterfaceOrientationPortrait UIInterfaceOrientationPortraitUpsideDown UIInterfaceOrientationLandscapeLeft UIInterfaceOrientationLandscapeRight";
				INFOPLIST_KEY_UISupportedInterfaceOrientations_iPhone = "UIInterfaceOrientationPortrait UIInterfaceOrientationLandscapeLeft UIInterfaceOrientationLandscapeRight";
				IPHONEOS_DEPLOYMENT_TARGET = 17.0;
				LD_RUNPATH_SEARCH_PATHS = (
					"$(inherited)",
					"@executable_path/Frameworks",
				);
				MARKETING_VERSION = 1.0;
				PRODUCT_BUNDLE_IDENTIFIER = SwiftUISample.StockTracker;
				PRODUCT_NAME = "$(TARGET_NAME)";
				SWIFT_EMIT_LOC_STRINGS = YES;
				SWIFT_VERSION = 5.0;
				TARGETED_DEVICE_FAMILY = "1,2";
			};
			name = Debug;
		};
		AD4AA3D32B46D8E3005E3107 /* Release */ = {
			isa = XCBuildConfiguration;
			buildSettings = {
				API_BASE_URL = "https://financialmodelingprep.com/api/v3/";
				API_KEY = 3d2f98306a3605155507f04bd6511a09;
				ASSETCATALOG_COMPILER_APPICON_NAME = AppIcon;
				ASSETCATALOG_COMPILER_GLOBAL_ACCENT_COLOR_NAME = AccentColor;
				CODE_SIGN_STYLE = Automatic;
				CURRENT_PROJECT_VERSION = 1;
				DEVELOPMENT_TEAM = 5AUYB3KVDZ;
				GENERATE_INFOPLIST_FILE = YES;
				INFOPLIST_FILE = StockTracker/Resources/Info.plist;
				INFOPLIST_KEY_UIApplicationSupportsIndirectInputEvents = YES;
				INFOPLIST_KEY_UILaunchStoryboardName = LaunchScreen;
				INFOPLIST_KEY_UISupportedInterfaceOrientations_iPad = "UIInterfaceOrientationPortrait UIInterfaceOrientationPortraitUpsideDown UIInterfaceOrientationLandscapeLeft UIInterfaceOrientationLandscapeRight";
				INFOPLIST_KEY_UISupportedInterfaceOrientations_iPhone = "UIInterfaceOrientationPortrait UIInterfaceOrientationLandscapeLeft UIInterfaceOrientationLandscapeRight";
				IPHONEOS_DEPLOYMENT_TARGET = 17.0;
				LD_RUNPATH_SEARCH_PATHS = (
					"$(inherited)",
					"@executable_path/Frameworks",
				);
				MARKETING_VERSION = 1.0;
				PRODUCT_BUNDLE_IDENTIFIER = SwiftUISample.StockTracker;
				PRODUCT_NAME = "$(TARGET_NAME)";
				SWIFT_EMIT_LOC_STRINGS = YES;
				SWIFT_VERSION = 5.0;
				TARGETED_DEVICE_FAMILY = "1,2";
			};
			name = Release;
		};
		AD4AA3D82B46D8E3005E3107 /* Debug */ = {
			isa = XCBuildConfiguration;
			buildSettings = {
				ALWAYS_EMBED_SWIFT_STANDARD_LIBRARIES = YES;
				CODE_SIGN_STYLE = Automatic;
				CURRENT_PROJECT_VERSION = 1;
				DEVELOPMENT_TEAM = 5AUYB3KVDZ;
				GENERATE_INFOPLIST_FILE = YES;
				MARKETING_VERSION = 1.0;
				PRODUCT_BUNDLE_IDENTIFIER = SwiftUISample.StockTrackerUITests;
				PRODUCT_NAME = "$(TARGET_NAME)";
				SWIFT_EMIT_LOC_STRINGS = NO;
				SWIFT_VERSION = 5.0;
				TARGETED_DEVICE_FAMILY = "1,2";
				TEST_TARGET_NAME = StockTracker;
			};
			name = Debug;
		};
		AD4AA3D92B46D8E3005E3107 /* Release */ = {
			isa = XCBuildConfiguration;
			buildSettings = {
				ALWAYS_EMBED_SWIFT_STANDARD_LIBRARIES = YES;
				CODE_SIGN_STYLE = Automatic;
				CURRENT_PROJECT_VERSION = 1;
				DEVELOPMENT_TEAM = 5AUYB3KVDZ;
				GENERATE_INFOPLIST_FILE = YES;
				MARKETING_VERSION = 1.0;
				PRODUCT_BUNDLE_IDENTIFIER = SwiftUISample.StockTrackerUITests;
				PRODUCT_NAME = "$(TARGET_NAME)";
				SWIFT_EMIT_LOC_STRINGS = NO;
				SWIFT_VERSION = 5.0;
				TARGETED_DEVICE_FAMILY = "1,2";
				TEST_TARGET_NAME = StockTracker;
			};
			name = Release;
		};
		AD6A012B2B5036D4008BD703 /* Debug */ = {
			isa = XCBuildConfiguration;
			buildSettings = {
				BUNDLE_LOADER = "$(TEST_HOST)";
				CODE_SIGN_STYLE = Automatic;
				CURRENT_PROJECT_VERSION = 1;
				DEVELOPMENT_TEAM = 5AUYB3KVDZ;
				GENERATE_INFOPLIST_FILE = YES;
				MARKETING_VERSION = 1.0;
				PRODUCT_BUNDLE_IDENTIFIER = SwiftUISample.StockTrackerTests;
				PRODUCT_NAME = "$(TARGET_NAME)";
				SWIFT_EMIT_LOC_STRINGS = NO;
				SWIFT_VERSION = 5.0;
				TARGETED_DEVICE_FAMILY = "1,2";
				TEST_HOST = "$(BUILT_PRODUCTS_DIR)/StockTracker.app/$(BUNDLE_EXECUTABLE_FOLDER_PATH)/StockTracker";
			};
			name = Debug;
		};
		AD6A012C2B5036D4008BD703 /* Release */ = {
			isa = XCBuildConfiguration;
			buildSettings = {
				BUNDLE_LOADER = "$(TEST_HOST)";
				CODE_SIGN_STYLE = Automatic;
				CURRENT_PROJECT_VERSION = 1;
				DEVELOPMENT_TEAM = 5AUYB3KVDZ;
				GENERATE_INFOPLIST_FILE = YES;
				MARKETING_VERSION = 1.0;
				PRODUCT_BUNDLE_IDENTIFIER = SwiftUISample.StockTrackerTests;
				PRODUCT_NAME = "$(TARGET_NAME)";
				SWIFT_EMIT_LOC_STRINGS = NO;
				SWIFT_VERSION = 5.0;
				TARGETED_DEVICE_FAMILY = "1,2";
				TEST_HOST = "$(BUILT_PRODUCTS_DIR)/StockTracker.app/$(BUNDLE_EXECUTABLE_FOLDER_PATH)/StockTracker";
			};
			name = Release;
		};
/* End XCBuildConfiguration section */

/* Begin XCConfigurationList section */
		AD4AA3A22B46D8E1005E3107 /* Build configuration list for PBXProject "StockTracker" */ = {
			isa = XCConfigurationList;
			buildConfigurations = (
				AD4AA3CF2B46D8E3005E3107 /* Debug */,
				AD4AA3D02B46D8E3005E3107 /* Release */,
			);
			defaultConfigurationIsVisible = 0;
			defaultConfigurationName = Release;
		};
		AD4AA3D12B46D8E3005E3107 /* Build configuration list for PBXNativeTarget "StockTracker" */ = {
			isa = XCConfigurationList;
			buildConfigurations = (
				AD4AA3D22B46D8E3005E3107 /* Debug */,
				AD4AA3D32B46D8E3005E3107 /* Release */,
			);
			defaultConfigurationIsVisible = 0;
			defaultConfigurationName = Release;
		};
		AD4AA3D72B46D8E3005E3107 /* Build configuration list for PBXNativeTarget "StockTrackerUITests" */ = {
			isa = XCConfigurationList;
			buildConfigurations = (
				AD4AA3D82B46D8E3005E3107 /* Debug */,
				AD4AA3D92B46D8E3005E3107 /* Release */,
			);
			defaultConfigurationIsVisible = 0;
			defaultConfigurationName = Release;
		};
		AD6A012A2B5036D4008BD703 /* Build configuration list for PBXNativeTarget "StockTrackerTests" */ = {
			isa = XCConfigurationList;
			buildConfigurations = (
				AD6A012B2B5036D4008BD703 /* Debug */,
				AD6A012C2B5036D4008BD703 /* Release */,
			);
			defaultConfigurationIsVisible = 0;
			defaultConfigurationName = Release;
		};
/* End XCConfigurationList section */
	};
	rootObject = AD4AA39F2B46D8E1005E3107 /* Project object */;
}
